// !$*UTF8*$!
{
	archiveVersion = 1;
	classes = {
	};
	objectVersion = 46;
	objects = {

/* Begin PBXBuildFile section */
		AF22E63716F9B5B60098A126 /* UIKit.framework in Frameworks */ = {isa = PBXBuildFile; fileRef = AF22E63616F9B5B60098A126 /* UIKit.framework */; };
		AF22E63916F9B5B60098A126 /* Foundation.framework in Frameworks */ = {isa = PBXBuildFile; fileRef = AF22E63816F9B5B60098A126 /* Foundation.framework */; };
		AF22E63B16F9B5B60098A126 /* CoreGraphics.framework in Frameworks */ = {isa = PBXBuildFile; fileRef = AF22E63A16F9B5B60098A126 /* CoreGraphics.framework */; };
		AFAE35B41700541800C8E656 /* Backgroundcolor.png in Resources */ = {isa = PBXBuildFile; fileRef = AFAE35A81700541800C8E656 /* Backgroundcolor.png */; };
		AFAE35B51700541800C8E656 /* bg.jpg in Resources */ = {isa = PBXBuildFile; fileRef = AFAE35A91700541800C8E656 /* bg.jpg */; };
		AFAE35B61700541800C8E656 /* grid_bg.jpg in Resources */ = {isa = PBXBuildFile; fileRef = AFAE35AA1700541800C8E656 /* grid_bg.jpg */; };
		AFAE35B71700541800C8E656 /* logo.jpg in Resources */ = {isa = PBXBuildFile; fileRef = AFAE35AB1700541800C8E656 /* logo.jpg */; };
		AFAE35B81700541800C8E656 /* player-back.jpg in Resources */ = {isa = PBXBuildFile; fileRef = AFAE35AC1700541800C8E656 /* player-back.jpg */; };
		AFAE35B91700541800C8E656 /* player-forward.jpg in Resources */ = {isa = PBXBuildFile; fileRef = AFAE35AD1700541800C8E656 /* player-forward.jpg */; };
		AFAE35BA1700541800C8E656 /* player-play.jpg in Resources */ = {isa = PBXBuildFile; fileRef = AFAE35AE1700541800C8E656 /* player-play.jpg */; };
		AFAE35BB1700541800C8E656 /* topbar-fav.jpg in Resources */ = {isa = PBXBuildFile; fileRef = AFAE35AF1700541800C8E656 /* topbar-fav.jpg */; };
		AFAE35BC1700541800C8E656 /* topbar-search.jpg in Resources */ = {isa = PBXBuildFile; fileRef = AFAE35B01700541800C8E656 /* topbar-search.jpg */; };
		AFAE35BD1700541800C8E656 /* topbar-separator.jpg in Resources */ = {isa = PBXBuildFile; fileRef = AFAE35B11700541800C8E656 /* topbar-separator.jpg */; };
		AFAE35BE1700541800C8E656 /* topbar-share.jpg in Resources */ = {isa = PBXBuildFile; fileRef = AFAE35B21700541800C8E656 /* topbar-share.jpg */; };
		AFAE35BF1700541800C8E656 /* topbar-thumbnail.jpg in Resources */ = {isa = PBXBuildFile; fileRef = AFAE35B31700541800C8E656 /* topbar-thumbnail.jpg */; };
		CDA2C89C16F9C6AB00EDC61B /* AppDelegate.m in Sources */ = {isa = PBXBuildFile; fileRef = CDA2C88F16F9C6AB00EDC61B /* AppDelegate.m */; };
		CDA2C89D16F9C6AB00EDC61B /* Default-568h@2x.png in Resources */ = {isa = PBXBuildFile; fileRef = CDA2C89016F9C6AB00EDC61B /* Default-568h@2x.png */; };
		CDA2C89E16F9C6AB00EDC61B /* Default.png in Resources */ = {isa = PBXBuildFile; fileRef = CDA2C89116F9C6AB00EDC61B /* Default.png */; };
		CDA2C89F16F9C6AB00EDC61B /* Default@2x.png in Resources */ = {isa = PBXBuildFile; fileRef = CDA2C89216F9C6AB00EDC61B /* Default@2x.png */; };
		CDA2C8A016F9C6AB00EDC61B /* DJBroadcast-Info.plist in Resources */ = {isa = PBXBuildFile; fileRef = CDA2C89316F9C6AB00EDC61B /* DJBroadcast-Info.plist */; };
		CDA2C8A116F9C6AB00EDC61B /* InfoPlist.strings in Resources */ = {isa = PBXBuildFile; fileRef = CDA2C89516F9C6AB00EDC61B /* InfoPlist.strings */; };
		CDA2C8A216F9C6AB00EDC61B /* ViewController.xib in Resources */ = {isa = PBXBuildFile; fileRef = CDA2C89716F9C6AB00EDC61B /* ViewController.xib */; };
		CDA2C8A316F9C6AB00EDC61B /* main.m in Sources */ = {isa = PBXBuildFile; fileRef = CDA2C89916F9C6AB00EDC61B /* main.m */; };
		CDA2C8A416F9C6AB00EDC61B /* ViewController.m in Sources */ = {isa = PBXBuildFile; fileRef = CDA2C89B16F9C6AB00EDC61B /* ViewController.m */; };
		CDA2C8C616F9CAE900EDC61B /* Album.m in Sources */ = {isa = PBXBuildFile; fileRef = CDA2C8A616F9CAE900EDC61B /* Album.m */; };
		CDA2C8C716F9CAE900EDC61B /* DJBroadcastDB.m in Sources */ = {isa = PBXBuildFile; fileRef = CDA2C8A816F9CAE900EDC61B /* DJBroadcastDB.m */; };
		CDA2C8C816F9CAE900EDC61B /* InfoPlist.strings in Resources */ = {isa = PBXBuildFile; fileRef = CDA2C8AA16F9CAE900EDC61B /* InfoPlist.strings */; };
		CDA2C8C916F9CAE900EDC61B /* ViewController.xib in Resources */ = {isa = PBXBuildFile; fileRef = CDA2C8AC16F9CAE900EDC61B /* ViewController.xib */; };
		CDA2C8CA16F9CAE900EDC61B /* NSObject+SBJSON.m in Sources */ = {isa = PBXBuildFile; fileRef = CDA2C8B116F9CAE900EDC61B /* NSObject+SBJSON.m */; };
		CDA2C8CB16F9CAE900EDC61B /* NSString+SBJSON.m in Sources */ = {isa = PBXBuildFile; fileRef = CDA2C8B316F9CAE900EDC61B /* NSString+SBJSON.m */; };
		CDA2C8CC16F9CAE900EDC61B /* SBJSON.m in Sources */ = {isa = PBXBuildFile; fileRef = CDA2C8B516F9CAE900EDC61B /* SBJSON.m */; };
		CDA2C8CD16F9CAE900EDC61B /* SBJsonBase.m in Sources */ = {isa = PBXBuildFile; fileRef = CDA2C8B716F9CAE900EDC61B /* SBJsonBase.m */; };
		CDA2C8CE16F9CAE900EDC61B /* SBJsonParser.m in Sources */ = {isa = PBXBuildFile; fileRef = CDA2C8B916F9CAE900EDC61B /* SBJsonParser.m */; };
		CDA2C8CF16F9CAE900EDC61B /* SBJsonWriter.m in Sources */ = {isa = PBXBuildFile; fileRef = CDA2C8BB16F9CAE900EDC61B /* SBJsonWriter.m */; };
		CDA2C8D016F9CAE900EDC61B /* Mix.m in Sources */ = {isa = PBXBuildFile; fileRef = CDA2C8BD16F9CAE900EDC61B /* Mix.m */; };
		CDA2C8D116F9CAE900EDC61B /* Playlist.m in Sources */ = {isa = PBXBuildFile; fileRef = CDA2C8BF16F9CAE900EDC61B /* Playlist.m */; };
		CDA2C8D216F9CAE900EDC61B /* Release.m in Sources */ = {isa = PBXBuildFile; fileRef = CDA2C8C116F9CAE900EDC61B /* Release.m */; };
		CDA2C8D316F9CAE900EDC61B /* Single.m in Sources */ = {isa = PBXBuildFile; fileRef = CDA2C8C316F9CAE900EDC61B /* Single.m */; };
		CDA2C8D416F9CAE900EDC61B /* Track.m in Sources */ = {isa = PBXBuildFile; fileRef = CDA2C8C516F9CAE900EDC61B /* Track.m */; };
		F03B4F0816FC99E8001077FC /* Storyboard.storyboard in Resources */ = {isa = PBXBuildFile; fileRef = F03B4F0716FC99E8001077FC /* Storyboard.storyboard */; };
/* End PBXBuildFile section */

/* Begin PBXFileReference section */
		AF22E63316F9B5B60098A126 /* DJBroadcast.app */ = {isa = PBXFileReference; explicitFileType = wrapper.application; includeInIndex = 0; path = DJBroadcast.app; sourceTree = BUILT_PRODUCTS_DIR; };
		AF22E63616F9B5B60098A126 /* UIKit.framework */ = {isa = PBXFileReference; lastKnownFileType = wrapper.framework; name = UIKit.framework; path = System/Library/Frameworks/UIKit.framework; sourceTree = SDKROOT; };
		AF22E63816F9B5B60098A126 /* Foundation.framework */ = {isa = PBXFileReference; lastKnownFileType = wrapper.framework; name = Foundation.framework; path = System/Library/Frameworks/Foundation.framework; sourceTree = SDKROOT; };
		AF22E63A16F9B5B60098A126 /* CoreGraphics.framework */ = {isa = PBXFileReference; lastKnownFileType = wrapper.framework; name = CoreGraphics.framework; path = System/Library/Frameworks/CoreGraphics.framework; sourceTree = SDKROOT; };
		AFAE35A81700541800C8E656 /* Backgroundcolor.png */ = {isa = PBXFileReference; lastKnownFileType = image.png; name = Backgroundcolor.png; path = slices/Backgroundcolor.png; sourceTree = "<group>"; };
		AFAE35A91700541800C8E656 /* bg.jpg */ = {isa = PBXFileReference; lastKnownFileType = image.jpeg; name = bg.jpg; path = slices/bg.jpg; sourceTree = "<group>"; };
		AFAE35AA1700541800C8E656 /* grid_bg.jpg */ = {isa = PBXFileReference; lastKnownFileType = image.jpeg; name = grid_bg.jpg; path = slices/grid_bg.jpg; sourceTree = "<group>"; };
		AFAE35AB1700541800C8E656 /* logo.jpg */ = {isa = PBXFileReference; lastKnownFileType = image.jpeg; name = logo.jpg; path = slices/logo.jpg; sourceTree = "<group>"; };
		AFAE35AC1700541800C8E656 /* player-back.jpg */ = {isa = PBXFileReference; lastKnownFileType = image.jpeg; name = "player-back.jpg"; path = "slices/player-back.jpg"; sourceTree = "<group>"; };
		AFAE35AD1700541800C8E656 /* player-forward.jpg */ = {isa = PBXFileReference; lastKnownFileType = image.jpeg; name = "player-forward.jpg"; path = "slices/player-forward.jpg"; sourceTree = "<group>"; };
		AFAE35AE1700541800C8E656 /* player-play.jpg */ = {isa = PBXFileReference; lastKnownFileType = image.jpeg; name = "player-play.jpg"; path = "slices/player-play.jpg"; sourceTree = "<group>"; };
		AFAE35AF1700541800C8E656 /* topbar-fav.jpg */ = {isa = PBXFileReference; lastKnownFileType = image.jpeg; name = "topbar-fav.jpg"; path = "slices/topbar-fav.jpg"; sourceTree = "<group>"; };
		AFAE35B01700541800C8E656 /* topbar-search.jpg */ = {isa = PBXFileReference; lastKnownFileType = image.jpeg; name = "topbar-search.jpg"; path = "slices/topbar-search.jpg"; sourceTree = "<group>"; };
		AFAE35B11700541800C8E656 /* topbar-separator.jpg */ = {isa = PBXFileReference; lastKnownFileType = image.jpeg; name = "topbar-separator.jpg"; path = "slices/topbar-separator.jpg"; sourceTree = "<group>"; };
		AFAE35B21700541800C8E656 /* topbar-share.jpg */ = {isa = PBXFileReference; lastKnownFileType = image.jpeg; name = "topbar-share.jpg"; path = "slices/topbar-share.jpg"; sourceTree = "<group>"; };
		AFAE35B31700541800C8E656 /* topbar-thumbnail.jpg */ = {isa = PBXFileReference; lastKnownFileType = image.jpeg; name = "topbar-thumbnail.jpg"; path = "slices/topbar-thumbnail.jpg"; sourceTree = "<group>"; };
		CDA2C88E16F9C6AB00EDC61B /* AppDelegate.h */ = {isa = PBXFileReference; fileEncoding = 4; lastKnownFileType = sourcecode.c.h; path = AppDelegate.h; sourceTree = "<group>"; };
		CDA2C88F16F9C6AB00EDC61B /* AppDelegate.m */ = {isa = PBXFileReference; fileEncoding = 4; lastKnownFileType = sourcecode.c.objc; path = AppDelegate.m; sourceTree = "<group>"; };
		CDA2C89016F9C6AB00EDC61B /* Default-568h@2x.png */ = {isa = PBXFileReference; lastKnownFileType = image.png; path = "Default-568h@2x.png"; sourceTree = "<group>"; };
		CDA2C89116F9C6AB00EDC61B /* Default.png */ = {isa = PBXFileReference; lastKnownFileType = image.png; path = Default.png; sourceTree = "<group>"; };
		CDA2C89216F9C6AB00EDC61B /* Default@2x.png */ = {isa = PBXFileReference; lastKnownFileType = image.png; path = "Default@2x.png"; sourceTree = "<group>"; };
		CDA2C89316F9C6AB00EDC61B /* DJBroadcast-Info.plist */ = {isa = PBXFileReference; fileEncoding = 4; lastKnownFileType = text.plist.xml; path = "DJBroadcast-Info.plist"; sourceTree = "<group>"; };
		CDA2C89416F9C6AB00EDC61B /* DJBroadcast-Prefix.pch */ = {isa = PBXFileReference; fileEncoding = 4; lastKnownFileType = sourcecode.c.h; path = "DJBroadcast-Prefix.pch"; sourceTree = "<group>"; };
		CDA2C89616F9C6AB00EDC61B /* en */ = {isa = PBXFileReference; lastKnownFileType = text.plist.strings; name = en; path = en.lproj/InfoPlist.strings; sourceTree = "<group>"; };
		CDA2C89816F9C6AB00EDC61B /* en */ = {isa = PBXFileReference; lastKnownFileType = file.xib; name = en; path = en.lproj/ViewController.xib; sourceTree = "<group>"; };
		CDA2C89916F9C6AB00EDC61B /* main.m */ = {isa = PBXFileReference; fileEncoding = 4; lastKnownFileType = sourcecode.c.objc; path = main.m; sourceTree = "<group>"; };
		CDA2C89A16F9C6AB00EDC61B /* ViewController.h */ = {isa = PBXFileReference; fileEncoding = 4; lastKnownFileType = sourcecode.c.h; path = ViewController.h; sourceTree = "<group>"; };
		CDA2C89B16F9C6AB00EDC61B /* ViewController.m */ = {isa = PBXFileReference; fileEncoding = 4; lastKnownFileType = sourcecode.c.objc; path = ViewController.m; sourceTree = "<group>"; };
		CDA2C8A516F9CAE900EDC61B /* Album.h */ = {isa = PBXFileReference; fileEncoding = 4; lastKnownFileType = sourcecode.c.h; name = Album.h; path = DJBroadcast/Album.h; sourceTree = "<group>"; };
		CDA2C8A616F9CAE900EDC61B /* Album.m */ = {isa = PBXFileReference; fileEncoding = 4; lastKnownFileType = sourcecode.c.objc; name = Album.m; path = DJBroadcast/Album.m; sourceTree = "<group>"; };
		CDA2C8A716F9CAE900EDC61B /* DJBroadcastDB.h */ = {isa = PBXFileReference; fileEncoding = 4; lastKnownFileType = sourcecode.c.h; name = DJBroadcastDB.h; path = DJBroadcast/DJBroadcastDB.h; sourceTree = "<group>"; };
		CDA2C8A816F9CAE900EDC61B /* DJBroadcastDB.m */ = {isa = PBXFileReference; fileEncoding = 4; lastKnownFileType = sourcecode.c.objc; name = DJBroadcastDB.m; path = DJBroadcast/DJBroadcastDB.m; sourceTree = "<group>"; };
		CDA2C8AB16F9CAE900EDC61B /* en */ = {isa = PBXFileReference; lastKnownFileType = text.plist.strings; name = en; path = InfoPlist.strings; sourceTree = "<group>"; };
		CDA2C8AD16F9CAE900EDC61B /* en */ = {isa = PBXFileReference; lastKnownFileType = file.xib; name = en; path = ViewController.xib; sourceTree = "<group>"; };
		CDA2C8AF16F9CAE900EDC61B /* JSON.h */ = {isa = PBXFileReference; fileEncoding = 4; lastKnownFileType = sourcecode.c.h; path = JSON.h; sourceTree = "<group>"; };
		CDA2C8B016F9CAE900EDC61B /* NSObject+SBJSON.h */ = {isa = PBXFileReference; fileEncoding = 4; lastKnownFileType = sourcecode.c.h; path = "NSObject+SBJSON.h"; sourceTree = "<group>"; };
		CDA2C8B116F9CAE900EDC61B /* NSObject+SBJSON.m */ = {isa = PBXFileReference; fileEncoding = 4; lastKnownFileType = sourcecode.c.objc; path = "NSObject+SBJSON.m"; sourceTree = "<group>"; };
		CDA2C8B216F9CAE900EDC61B /* NSString+SBJSON.h */ = {isa = PBXFileReference; fileEncoding = 4; lastKnownFileType = sourcecode.c.h; path = "NSString+SBJSON.h"; sourceTree = "<group>"; };
		CDA2C8B316F9CAE900EDC61B /* NSString+SBJSON.m */ = {isa = PBXFileReference; fileEncoding = 4; lastKnownFileType = sourcecode.c.objc; path = "NSString+SBJSON.m"; sourceTree = "<group>"; };
		CDA2C8B416F9CAE900EDC61B /* SBJSON.h */ = {isa = PBXFileReference; fileEncoding = 4; lastKnownFileType = sourcecode.c.h; path = SBJSON.h; sourceTree = "<group>"; };
		CDA2C8B516F9CAE900EDC61B /* SBJSON.m */ = {isa = PBXFileReference; fileEncoding = 4; lastKnownFileType = sourcecode.c.objc; path = SBJSON.m; sourceTree = "<group>"; };
		CDA2C8B616F9CAE900EDC61B /* SBJsonBase.h */ = {isa = PBXFileReference; fileEncoding = 4; lastKnownFileType = sourcecode.c.h; path = SBJsonBase.h; sourceTree = "<group>"; };
		CDA2C8B716F9CAE900EDC61B /* SBJsonBase.m */ = {isa = PBXFileReference; fileEncoding = 4; lastKnownFileType = sourcecode.c.objc; path = SBJsonBase.m; sourceTree = "<group>"; };
		CDA2C8B816F9CAE900EDC61B /* SBJsonParser.h */ = {isa = PBXFileReference; fileEncoding = 4; lastKnownFileType = sourcecode.c.h; path = SBJsonParser.h; sourceTree = "<group>"; };
		CDA2C8B916F9CAE900EDC61B /* SBJsonParser.m */ = {isa = PBXFileReference; fileEncoding = 4; lastKnownFileType = sourcecode.c.objc; path = SBJsonParser.m; sourceTree = "<group>"; };
		CDA2C8BA16F9CAE900EDC61B /* SBJsonWriter.h */ = {isa = PBXFileReference; fileEncoding = 4; lastKnownFileType = sourcecode.c.h; path = SBJsonWriter.h; sourceTree = "<group>"; };
		CDA2C8BB16F9CAE900EDC61B /* SBJsonWriter.m */ = {isa = PBXFileReference; fileEncoding = 4; lastKnownFileType = sourcecode.c.objc; path = SBJsonWriter.m; sourceTree = "<group>"; };
		CDA2C8BC16F9CAE900EDC61B /* Mix.h */ = {isa = PBXFileReference; fileEncoding = 4; lastKnownFileType = sourcecode.c.h; name = Mix.h; path = DJBroadcast/Mix.h; sourceTree = "<group>"; };
		CDA2C8BD16F9CAE900EDC61B /* Mix.m */ = {isa = PBXFileReference; fileEncoding = 4; lastKnownFileType = sourcecode.c.objc; name = Mix.m; path = DJBroadcast/Mix.m; sourceTree = "<group>"; };
		CDA2C8BE16F9CAE900EDC61B /* Playlist.h */ = {isa = PBXFileReference; fileEncoding = 4; lastKnownFileType = sourcecode.c.h; name = Playlist.h; path = DJBroadcast/Playlist.h; sourceTree = "<group>"; };
		CDA2C8BF16F9CAE900EDC61B /* Playlist.m */ = {isa = PBXFileReference; fileEncoding = 4; lastKnownFileType = sourcecode.c.objc; name = Playlist.m; path = DJBroadcast/Playlist.m; sourceTree = "<group>"; };
		CDA2C8C016F9CAE900EDC61B /* Release.h */ = {isa = PBXFileReference; fileEncoding = 4; lastKnownFileType = sourcecode.c.h; name = Release.h; path = DJBroadcast/Release.h; sourceTree = "<group>"; };
		CDA2C8C116F9CAE900EDC61B /* Release.m */ = {isa = PBXFileReference; fileEncoding = 4; lastKnownFileType = sourcecode.c.objc; name = Release.m; path = DJBroadcast/Release.m; sourceTree = "<group>"; };
		CDA2C8C216F9CAE900EDC61B /* Single.h */ = {isa = PBXFileReference; fileEncoding = 4; lastKnownFileType = sourcecode.c.h; name = Single.h; path = DJBroadcast/Single.h; sourceTree = "<group>"; };
		CDA2C8C316F9CAE900EDC61B /* Single.m */ = {isa = PBXFileReference; fileEncoding = 4; lastKnownFileType = sourcecode.c.objc; name = Single.m; path = DJBroadcast/Single.m; sourceTree = "<group>"; };
		CDA2C8C416F9CAE900EDC61B /* Track.h */ = {isa = PBXFileReference; fileEncoding = 4; lastKnownFileType = sourcecode.c.h; name = Track.h; path = DJBroadcast/Track.h; sourceTree = "<group>"; };
		CDA2C8C516F9CAE900EDC61B /* Track.m */ = {isa = PBXFileReference; fileEncoding = 4; lastKnownFileType = sourcecode.c.objc; name = Track.m; path = DJBroadcast/Track.m; sourceTree = "<group>"; };
		F03B4F0716FC99E8001077FC /* Storyboard.storyboard */ = {isa = PBXFileReference; fileEncoding = 4; lastKnownFileType = file.storyboard; path = Storyboard.storyboard; sourceTree = "<group>"; };
/* End PBXFileReference section */

/* Begin PBXFrameworksBuildPhase section */
		AF22E63016F9B5B60098A126 /* Frameworks */ = {
			isa = PBXFrameworksBuildPhase;
			buildActionMask = 2147483647;
			files = (
				AF22E63716F9B5B60098A126 /* UIKit.framework in Frameworks */,
				AF22E63916F9B5B60098A126 /* Foundation.framework in Frameworks */,
				AF22E63B16F9B5B60098A126 /* CoreGraphics.framework in Frameworks */,
			);
			runOnlyForDeploymentPostprocessing = 0;
		};
/* End PBXFrameworksBuildPhase section */

/* Begin PBXGroup section */
		AF22E62A16F9B5B60098A126 = {
			isa = PBXGroup;
			children = (
				F03B4F0716FC99E8001077FC /* Storyboard.storyboard */,
				CDA2C8A516F9CAE900EDC61B /* Album.h */,
				CDA2C8A616F9CAE900EDC61B /* Album.m */,
				CDA2C8A716F9CAE900EDC61B /* DJBroadcastDB.h */,
				CDA2C8A816F9CAE900EDC61B /* DJBroadcastDB.m */,
				CDA2C8C516F9CAE900EDC61B /* Track.m */,
				CDA2C8A916F9CAE900EDC61B /* en.lproj */,
				CDA2C8AE16F9CAE900EDC61B /* JSON */,
				CDA2C8BD16F9CAE900EDC61B /* Mix.m */,
				CDA2C8BC16F9CAE900EDC61B /* Mix.h */,
				CDA2C8BE16F9CAE900EDC61B /* Playlist.h */,
				CDA2C8BF16F9CAE900EDC61B /* Playlist.m */,
				CDA2C8C016F9CAE900EDC61B /* Release.h */,
				CDA2C8C116F9CAE900EDC61B /* Release.m */,
				CDA2C8C216F9CAE900EDC61B /* Single.h */,
				CDA2C8C316F9CAE900EDC61B /* Single.m */,
				CDA2C8C416F9CAE900EDC61B /* Track.h */,
				CDA2C88D16F9C6AB00EDC61B /* DJBroadcast */,
				AF22E63516F9B5B60098A126 /* Frameworks */,
				AF22E63416F9B5B60098A126 /* Products */,
			);
			sourceTree = "<group>";
		};
		AF22E63416F9B5B60098A126 /* Products */ = {
			isa = PBXGroup;
			children = (
				AF22E63316F9B5B60098A126 /* DJBroadcast.app */,
			);
			name = Products;
			sourceTree = "<group>";
		};
		AF22E63516F9B5B60098A126 /* Frameworks */ = {
			isa = PBXGroup;
			children = (
				AF22E63616F9B5B60098A126 /* UIKit.framework */,
				AF22E63816F9B5B60098A126 /* Foundation.framework */,
				AF22E63A16F9B5B60098A126 /* CoreGraphics.framework */,
			);
			name = Frameworks;
			sourceTree = "<group>";
		};
		CDA2C88D16F9C6AB00EDC61B /* DJBroadcast */ = {
			isa = PBXGroup;
			children = (
				CDA2C88E16F9C6AB00EDC61B /* AppDelegate.h */,
				CDA2C88F16F9C6AB00EDC61B /* AppDelegate.m */,
				CDA2C89016F9C6AB00EDC61B /* Default-568h@2x.png */,
				AFAE35A81700541800C8E656 /* Backgroundcolor.png */,
				AFAE35A91700541800C8E656 /* bg.jpg */,
				AFAE35AA1700541800C8E656 /* grid_bg.jpg */,
				AFAE35AB1700541800C8E656 /* logo.jpg */,
				AFAE35AC1700541800C8E656 /* player-back.jpg */,
				AFAE35AD1700541800C8E656 /* player-forward.jpg */,
				AFAE35AE1700541800C8E656 /* player-play.jpg */,
				AFAE35AF1700541800C8E656 /* topbar-fav.jpg */,
				AFAE35B01700541800C8E656 /* topbar-search.jpg */,
				AFAE35B11700541800C8E656 /* topbar-separator.jpg */,
				AFAE35B21700541800C8E656 /* topbar-share.jpg */,
				AFAE35B31700541800C8E656 /* topbar-thumbnail.jpg */,
				CDA2C89116F9C6AB00EDC61B /* Default.png */,
				CDA2C89216F9C6AB00EDC61B /* Default@2x.png */,
				CDA2C89316F9C6AB00EDC61B /* DJBroadcast-Info.plist */,
				CDA2C89416F9C6AB00EDC61B /* DJBroadcast-Prefix.pch */,
				CDA2C89516F9C6AB00EDC61B /* InfoPlist.strings */,
				CDA2C89716F9C6AB00EDC61B /* ViewController.xib */,
				CDA2C89916F9C6AB00EDC61B /* main.m */,
				CDA2C89A16F9C6AB00EDC61B /* ViewController.h */,
				CDA2C89B16F9C6AB00EDC61B /* ViewController.m */,
			);
			path = DJBroadcast;
			sourceTree = "<group>";
		};
		CDA2C8A916F9CAE900EDC61B /* en.lproj */ = {
			isa = PBXGroup;
			children = (
				CDA2C8AA16F9CAE900EDC61B /* InfoPlist.strings */,
				CDA2C8AC16F9CAE900EDC61B /* ViewController.xib */,
			);
			name = en.lproj;
			path = DJBroadcast/en.lproj;
			sourceTree = "<group>";
		};
		CDA2C8AE16F9CAE900EDC61B /* JSON */ = {
			isa = PBXGroup;
			children = (
				CDA2C8AF16F9CAE900EDC61B /* JSON.h */,
				CDA2C8B016F9CAE900EDC61B /* NSObject+SBJSON.h */,
				CDA2C8B116F9CAE900EDC61B /* NSObject+SBJSON.m */,
				CDA2C8B216F9CAE900EDC61B /* NSString+SBJSON.h */,
				CDA2C8B316F9CAE900EDC61B /* NSString+SBJSON.m */,
				CDA2C8B416F9CAE900EDC61B /* SBJSON.h */,
				CDA2C8B516F9CAE900EDC61B /* SBJSON.m */,
				CDA2C8B616F9CAE900EDC61B /* SBJsonBase.h */,
				CDA2C8B716F9CAE900EDC61B /* SBJsonBase.m */,
				CDA2C8B816F9CAE900EDC61B /* SBJsonParser.h */,
				CDA2C8B916F9CAE900EDC61B /* SBJsonParser.m */,
				CDA2C8BA16F9CAE900EDC61B /* SBJsonWriter.h */,
				CDA2C8BB16F9CAE900EDC61B /* SBJsonWriter.m */,
			);
			name = JSON;
			path = DJBroadcast/JSON;
			sourceTree = "<group>";
		};
/* End PBXGroup section */

/* Begin PBXNativeTarget section */
		AF22E63216F9B5B60098A126 /* DJBroadcast */ = {
			isa = PBXNativeTarget;
			buildConfigurationList = AF22E65616F9B5B60098A126 /* Build configuration list for PBXNativeTarget "DJBroadcast" */;
			buildPhases = (
				AF22E62F16F9B5B60098A126 /* Sources */,
				AF22E63016F9B5B60098A126 /* Frameworks */,
				AF22E63116F9B5B60098A126 /* Resources */,
			);
			buildRules = (
			);
			dependencies = (
			);
			name = DJBroadcast;
			productName = DJBroadcast;
			productReference = AF22E63316F9B5B60098A126 /* DJBroadcast.app */;
			productType = "com.apple.product-type.application";
		};
/* End PBXNativeTarget section */

/* Begin PBXProject section */
		AF22E62B16F9B5B60098A126 /* Project object */ = {
			isa = PBXProject;
			attributes = {
				LastUpgradeCheck = 0460;
				ORGANIZATIONNAME = Casper;
			};
			buildConfigurationList = AF22E62E16F9B5B60098A126 /* Build configuration list for PBXProject "DJBroadcast" */;
			compatibilityVersion = "Xcode 3.2";
			developmentRegion = English;
			hasScannedForEncodings = 0;
			knownRegions = (
				en,
			);
			mainGroup = AF22E62A16F9B5B60098A126;
			productRefGroup = AF22E63416F9B5B60098A126 /* Products */;
			projectDirPath = "";
			projectRoot = "";
			targets = (
				AF22E63216F9B5B60098A126 /* DJBroadcast */,
			);
		};
/* End PBXProject section */

/* Begin PBXResourcesBuildPhase section */
		AF22E63116F9B5B60098A126 /* Resources */ = {
			isa = PBXResourcesBuildPhase;
			buildActionMask = 2147483647;
			files = (
				CDA2C89D16F9C6AB00EDC61B /* Default-568h@2x.png in Resources */,
				CDA2C89E16F9C6AB00EDC61B /* Default.png in Resources */,
				CDA2C89F16F9C6AB00EDC61B /* Default@2x.png in Resources */,
				CDA2C8A016F9C6AB00EDC61B /* DJBroadcast-Info.plist in Resources */,
				CDA2C8A116F9C6AB00EDC61B /* InfoPlist.strings in Resources */,
				CDA2C8A216F9C6AB00EDC61B /* ViewController.xib in Resources */,
				CDA2C8C816F9CAE900EDC61B /* InfoPlist.strings in Resources */,
				CDA2C8C916F9CAE900EDC61B /* ViewController.xib in Resources */,
				F03B4F0816FC99E8001077FC /* Storyboard.storyboard in Resources */,
				AFAE35B41700541800C8E656 /* Backgroundcolor.png in Resources */,
				AFAE35B51700541800C8E656 /* bg.jpg in Resources */,
				AFAE35B61700541800C8E656 /* grid_bg.jpg in Resources */,
				AFAE35B71700541800C8E656 /* logo.jpg in Resources */,
				AFAE35B81700541800C8E656 /* player-back.jpg in Resources */,
				AFAE35B91700541800C8E656 /* player-forward.jpg in Resources */,
				AFAE35BA1700541800C8E656 /* player-play.jpg in Resources */,
				AFAE35BB1700541800C8E656 /* topbar-fav.jpg in Resources */,
				AFAE35BC1700541800C8E656 /* topbar-search.jpg in Resources */,
				AFAE35BD1700541800C8E656 /* topbar-separator.jpg in Resources */,
				AFAE35BE1700541800C8E656 /* topbar-share.jpg in Resources */,
				AFAE35BF1700541800C8E656 /* topbar-thumbnail.jpg in Resources */,
			);
			runOnlyForDeploymentPostprocessing = 0;
		};
/* End PBXResourcesBuildPhase section */

/* Begin PBXSourcesBuildPhase section */
		AF22E62F16F9B5B60098A126 /* Sources */ = {
			isa = PBXSourcesBuildPhase;
			buildActionMask = 2147483647;
			files = (
				CDA2C89C16F9C6AB00EDC61B /* AppDelegate.m in Sources */,
				CDA2C8A316F9C6AB00EDC61B /* main.m in Sources */,
				CDA2C8A416F9C6AB00EDC61B /* ViewController.m in Sources */,
				CDA2C8C616F9CAE900EDC61B /* Album.m in Sources */,
				CDA2C8C716F9CAE900EDC61B /* DJBroadcastDB.m in Sources */,
				CDA2C8CA16F9CAE900EDC61B /* NSObject+SBJSON.m in Sources */,
				CDA2C8CB16F9CAE900EDC61B /* NSString+SBJSON.m in Sources */,
				CDA2C8CC16F9CAE900EDC61B /* SBJSON.m in Sources */,
				CDA2C8CD16F9CAE900EDC61B /* SBJsonBase.m in Sources */,
				CDA2C8CE16F9CAE900EDC61B /* SBJsonParser.m in Sources */,
				CDA2C8CF16F9CAE900EDC61B /* SBJsonWriter.m in Sources */,
				CDA2C8D016F9CAE900EDC61B /* Mix.m in Sources */,
				CDA2C8D116F9CAE900EDC61B /* Playlist.m in Sources */,
				CDA2C8D216F9CAE900EDC61B /* Release.m in Sources */,
				CDA2C8D316F9CAE900EDC61B /* Single.m in Sources */,
				CDA2C8D416F9CAE900EDC61B /* Track.m in Sources */,
			);
			runOnlyForDeploymentPostprocessing = 0;
		};
/* End PBXSourcesBuildPhase section */

/* Begin PBXVariantGroup section */
		CDA2C89516F9C6AB00EDC61B /* InfoPlist.strings */ = {
			isa = PBXVariantGroup;
			children = (
				CDA2C89616F9C6AB00EDC61B /* en */,
			);
			name = InfoPlist.strings;
			sourceTree = "<group>";
		};
		CDA2C89716F9C6AB00EDC61B /* ViewController.xib */ = {
			isa = PBXVariantGroup;
			children = (
				CDA2C89816F9C6AB00EDC61B /* en */,
			);
			name = ViewController.xib;
			sourceTree = "<group>";
		};
		CDA2C8AA16F9CAE900EDC61B /* InfoPlist.strings */ = {
			isa = PBXVariantGroup;
			children = (
				CDA2C8AB16F9CAE900EDC61B /* en */,
			);
			name = InfoPlist.strings;
			sourceTree = "<group>";
		};
		CDA2C8AC16F9CAE900EDC61B /* ViewController.xib */ = {
			isa = PBXVariantGroup;
			children = (
				CDA2C8AD16F9CAE900EDC61B /* en */,
			);
			name = ViewController.xib;
			sourceTree = "<group>";
		};
/* End PBXVariantGroup section */

/* Begin XCBuildConfiguration section */
		AF22E65416F9B5B60098A126 /* Debug */ = {
			isa = XCBuildConfiguration;
			buildSettings = {
				ALWAYS_SEARCH_USER_PATHS = NO;
				CLANG_CXX_LANGUAGE_STANDARD = "gnu++0x";
				CLANG_CXX_LIBRARY = "libc++";
				CLANG_ENABLE_OBJC_ARC = YES;
				CLANG_WARN_CONSTANT_CONVERSION = YES;
				CLANG_WARN_EMPTY_BODY = YES;
				CLANG_WARN_ENUM_CONVERSION = YES;
				CLANG_WARN_INT_CONVERSION = YES;
				CLANG_WARN__DUPLICATE_METHOD_MATCH = YES;
				"CODE_SIGN_IDENTITY[sdk=iphoneos*]" = "iPhone Developer";
				COPY_PHASE_STRIP = NO;
				GCC_C_LANGUAGE_STANDARD = gnu99;
				GCC_DYNAMIC_NO_PIC = NO;
				GCC_OPTIMIZATION_LEVEL = 0;
				GCC_PREPROCESSOR_DEFINITIONS = (
					"DEBUG=1",
					"$(inherited)",
				);
				GCC_SYMBOLS_PRIVATE_EXTERN = NO;
				GCC_WARN_ABOUT_RETURN_TYPE = YES;
				GCC_WARN_UNINITIALIZED_AUTOS = YES;
				GCC_WARN_UNUSED_VARIABLE = YES;
				IPHONEOS_DEPLOYMENT_TARGET = 6.1;
				ONLY_ACTIVE_ARCH = YES;
				SDKROOT = iphoneos;
				TARGETED_DEVICE_FAMILY = 2;
			};
			name = Debug;
		};
		AF22E65516F9B5B60098A126 /* Release */ = {
			isa = XCBuildConfiguration;
			buildSettings = {
				ALWAYS_SEARCH_USER_PATHS = NO;
				CLANG_CXX_LANGUAGE_STANDARD = "gnu++0x";
				CLANG_CXX_LIBRARY = "libc++";
				CLANG_ENABLE_OBJC_ARC = YES;
				CLANG_WARN_CONSTANT_CONVERSION = YES;
				CLANG_WARN_EMPTY_BODY = YES;
				CLANG_WARN_ENUM_CONVERSION = YES;
				CLANG_WARN_INT_CONVERSION = YES;
				CLANG_WARN__DUPLICATE_METHOD_MATCH = YES;
				"CODE_SIGN_IDENTITY[sdk=iphoneos*]" = "iPhone Developer";
				COPY_PHASE_STRIP = YES;
				GCC_C_LANGUAGE_STANDARD = gnu99;
				GCC_WARN_ABOUT_RETURN_TYPE = YES;
				GCC_WARN_UNINITIALIZED_AUTOS = YES;
				GCC_WARN_UNUSED_VARIABLE = YES;
				IPHONEOS_DEPLOYMENT_TARGET = 6.1;
				OTHER_CFLAGS = "-DNS_BLOCK_ASSERTIONS=1";
				SDKROOT = iphoneos;
				TARGETED_DEVICE_FAMILY = 2;
				VALIDATE_PRODUCT = YES;
			};
			name = Release;
		};
		AF22E65716F9B5B60098A126 /* Debug */ = {
			isa = XCBuildConfiguration;
			buildSettings = {
				GCC_PRECOMPILE_PREFIX_HEADER = YES;
				GCC_PREFIX_HEADER = "DJBroadcast/DJBroadcast-Prefix.pch";
				INFOPLIST_FILE = "DJBroadcast/DJBroadcast-Info.plist";
				PRODUCT_NAME = "$(TARGET_NAME)";
				WRAPPER_EXTENSION = app;
			};
			name = Debug;
		};
		AF22E65816F9B5B60098A126 /* Release */ = {
			isa = XCBuildConfiguration;
			buildSettings = {
				GCC_PRECOMPILE_PREFIX_HEADER = YES;
				GCC_PREFIX_HEADER = "DJBroadcast/DJBroadcast-Prefix.pch";
				INFOPLIST_FILE = "DJBroadcast/DJBroadcast-Info.plist";
				PRODUCT_NAME = "$(TARGET_NAME)";
				WRAPPER_EXTENSION = app;
			};
			name = Release;
		};
/* End XCBuildConfiguration section */

/* Begin XCConfigurationList section */
		AF22E62E16F9B5B60098A126 /* Build configuration list for PBXProject "DJBroadcast" */ = {
			isa = XCConfigurationList;
			buildConfigurations = (
				AF22E65416F9B5B60098A126 /* Debug */,
				AF22E65516F9B5B60098A126 /* Release */,
			);
			defaultConfigurationIsVisible = 0;
			defaultConfigurationName = Release;
		};
		AF22E65616F9B5B60098A126 /* Build configuration list for PBXNativeTarget "DJBroadcast" */ = {
			isa = XCConfigurationList;
			buildConfigurations = (
				AF22E65716F9B5B60098A126 /* Debug */,
				AF22E65816F9B5B60098A126 /* Release */,
			);
			defaultConfigurationIsVisible = 0;
			defaultConfigurationName = Release;
		};
/* End XCConfigurationList section */
	};
	rootObject = AF22E62B16F9B5B60098A126 /* Project object */;
}
