// !$*UTF8*$!
{
	archiveVersion = 1;
	classes = {
	};
	objectVersion = 46;
	objects = {

/* Begin PBXBuildFile section */
		3F33F71A1765CDE700C19694 /* oauthAutoConfig.plist in Resources */ = {isa = PBXBuildFile; fileRef = 3F33F7191765CDE700C19694 /* oauthAutoConfig.plist */; };
		3F7D7BDE175C9341002E552B /* AVFoundation.framework in Frameworks */ = {isa = PBXBuildFile; fileRef = 8BC2E3921737B12700521124 /* AVFoundation.framework */; };
		3FBE3CBB17620C89000386D4 /* Security.framework in Frameworks */ = {isa = PBXBuildFile; fileRef = 3FBE3CBA17620C89000386D4 /* Security.framework */; };
		3FBE3CBF17620D56000386D4 /* libxml2.dylib in Frameworks */ = {isa = PBXBuildFile; fileRef = 3FBE3CBE17620D56000386D4 /* libxml2.dylib */; };
		6D01E87A1758BDF3000884FB /* FavouriteBlog.m in Sources */ = {isa = PBXBuildFile; fileRef = 6D01E8791758BDF3000884FB /* FavouriteBlog.m */; };
		7F51BE83172473C300AF3F04 /* Blog.m in Sources */ = {isa = PBXBuildFile; fileRef = 7F51BE82172473C300AF3F04 /* Blog.m */; };
		7F9BA4CC1727E66600F26F2C /* Video.m in Sources */ = {isa = PBXBuildFile; fileRef = 7F9BA4CB1727E66600F26F2C /* Video.m */; };
		7F9BA4CF1727E6E500F26F2C /* Audio.m in Sources */ = {isa = PBXBuildFile; fileRef = 7F9BA4CE1727E6E500F26F2C /* Audio.m */; };
		7FA53F8A172E98E700F0AFA5 /* BlogInfo.m in Sources */ = {isa = PBXBuildFile; fileRef = 7FA53F89172E98E700F0AFA5 /* BlogInfo.m */; };
		7FDC456B1757AC640065FA9F /* Favourites.m in Sources */ = {isa = PBXBuildFile; fileRef = 7FDC456A1757AC640065FA9F /* Favourites.m */; };
		8BE37D77176696C30025B178 /* CoreMedia.framework in Frameworks */ = {isa = PBXBuildFile; fileRef = 8BE37D76176696C30025B178 /* CoreMedia.framework */; };
		A16C4FC61769A95F0049745B /* Social.framework in Frameworks */ = {isa = PBXBuildFile; fileRef = A16C4FC51769A95F0049745B /* Social.framework */; };
		A187A3571727D83900AF4F82 /* LoginViewController.m in Sources */ = {isa = PBXBuildFile; fileRef = A187A3561727D83900AF4F82 /* LoginViewController.m */; };
		A1FAD702171EA7BC0095EC7E /* UIKit.framework in Frameworks */ = {isa = PBXBuildFile; fileRef = A1FAD701171EA7BC0095EC7E /* UIKit.framework */; };
		A1FAD704171EA7BC0095EC7E /* Foundation.framework in Frameworks */ = {isa = PBXBuildFile; fileRef = A1FAD703171EA7BC0095EC7E /* Foundation.framework */; };
		A1FAD706171EA7BC0095EC7E /* CoreGraphics.framework in Frameworks */ = {isa = PBXBuildFile; fileRef = A1FAD705171EA7BC0095EC7E /* CoreGraphics.framework */; };
		A1FAD70C171EA7BC0095EC7E /* InfoPlist.strings in Resources */ = {isa = PBXBuildFile; fileRef = A1FAD70A171EA7BC0095EC7E /* InfoPlist.strings */; };
		A1FAD70E171EA7BC0095EC7E /* main.m in Sources */ = {isa = PBXBuildFile; fileRef = A1FAD70D171EA7BC0095EC7E /* main.m */; };
		A1FAD712171EA7BC0095EC7E /* AppDelegate.m in Sources */ = {isa = PBXBuildFile; fileRef = A1FAD711171EA7BC0095EC7E /* AppDelegate.m */; };
		A1FAD714171EA7BC0095EC7E /* Default.png in Resources */ = {isa = PBXBuildFile; fileRef = A1FAD713171EA7BC0095EC7E /* Default.png */; };
		A1FAD716171EA7BC0095EC7E /* Default@2x.png in Resources */ = {isa = PBXBuildFile; fileRef = A1FAD715171EA7BC0095EC7E /* Default@2x.png */; };
		A1FAD718171EA7BC0095EC7E /* Default-568h@2x.png in Resources */ = {isa = PBXBuildFile; fileRef = A1FAD717171EA7BC0095EC7E /* Default-568h@2x.png */; };
		A1FAD71B171EA7BC0095EC7E /* MainStoryboard.storyboard in Resources */ = {isa = PBXBuildFile; fileRef = A1FAD719171EA7BC0095EC7E /* MainStoryboard.storyboard */; };
		A1FAD729171EA7BC0095EC7E /* SenTestingKit.framework in Frameworks */ = {isa = PBXBuildFile; fileRef = A1FAD728171EA7BC0095EC7E /* SenTestingKit.framework */; };
		A1FAD72A171EA7BC0095EC7E /* UIKit.framework in Frameworks */ = {isa = PBXBuildFile; fileRef = A1FAD701171EA7BC0095EC7E /* UIKit.framework */; };
		A1FAD72B171EA7BC0095EC7E /* Foundation.framework in Frameworks */ = {isa = PBXBuildFile; fileRef = A1FAD703171EA7BC0095EC7E /* Foundation.framework */; };
		A1FAD733171EA7BC0095EC7E /* InfoPlist.strings in Resources */ = {isa = PBXBuildFile; fileRef = A1FAD731171EA7BC0095EC7E /* InfoPlist.strings */; };
		A1FAD736171EA7BC0095EC7E /* ShufflerTumblrTests.m in Sources */ = {isa = PBXBuildFile; fileRef = A1FAD735171EA7BC0095EC7E /* ShufflerTumblrTests.m */; };
		AF0FB964174BB90500F015EC /* !selectedbuttonbar.png in Resources */ = {isa = PBXBuildFile; fileRef = AF0FB951174BB90500F015EC /* !selectedbuttonbar.png */; };
		AF0FB965174BB90500F015EC /* !selectedbuttonbarend.png in Resources */ = {isa = PBXBuildFile; fileRef = AF0FB952174BB90500F015EC /* !selectedbuttonbarend.png */; };
		AF0FB966174BB90500F015EC /* backgroundbar.png in Resources */ = {isa = PBXBuildFile; fileRef = AF0FB953174BB90500F015EC /* backgroundbar.png */; };
		AF0FB967174BB90500F015EC /* blackbackground.png in Resources */ = {isa = PBXBuildFile; fileRef = AF0FB954174BB90500F015EC /* blackbackground.png */; };
		AF0FB968174BB90500F015EC /* buttonachtergrond.png in Resources */ = {isa = PBXBuildFile; fileRef = AF0FB955174BB90500F015EC /* buttonachtergrond.png */; };
		AF0FB969174BB90500F015EC /* buttonshuffler.png in Resources */ = {isa = PBXBuildFile; fileRef = AF0FB956174BB90500F015EC /* buttonshuffler.png */; };
		AF0FB96A174BB90500F015EC /* Loginbuttno.png in Resources */ = {isa = PBXBuildFile; fileRef = AF0FB957174BB90500F015EC /* Loginbuttno.png */; };
		AF0FB96B174BB90500F015EC /* sendbutton.png in Resources */ = {isa = PBXBuildFile; fileRef = AF0FB958174BB90500F015EC /* sendbutton.png */; };
		AF0FB96C174BB90500F015EC /* Shufflerbackground.png in Resources */ = {isa = PBXBuildFile; fileRef = AF0FB959174BB90500F015EC /* Shufflerbackground.png */; };
		AF0FB96D174BB90500F015EC /* DashboardFeed.png in Resources */ = {isa = PBXBuildFile; fileRef = AF0FB95A174BB90500F015EC /* DashboardFeed.png */; };
		AF0FB96E174BB90500F015EC /* exitbutton.png in Resources */ = {isa = PBXBuildFile; fileRef = AF0FB95B174BB90500F015EC /* exitbutton.png */; };
		AF0FB96F174BB90500F015EC /* favouritebutton.png in Resources */ = {isa = PBXBuildFile; fileRef = AF0FB95C174BB90500F015EC /* favouritebutton.png */; };
		AF0FB970174BB90500F015EC /* Followed.png in Resources */ = {isa = PBXBuildFile; fileRef = AF0FB95D174BB90500F015EC /* Followed.png */; };
		AF0FB971174BB90500F015EC /* Image_9.png in Resources */ = {isa = PBXBuildFile; fileRef = AF0FB95E174BB90500F015EC /* Image_9.png */; };
		AF0FB972174BB90500F015EC /* Login.png in Resources */ = {isa = PBXBuildFile; fileRef = AF0FB95F174BB90500F015EC /* Login.png */; };
		AF0FB973174BB90500F015EC /* MyBlogs.png in Resources */ = {isa = PBXBuildFile; fileRef = AF0FB960174BB90500F015EC /* MyBlogs.png */; };
		AF0FB974174BB90500F015EC /* shuffler logo.jpg in Resources */ = {isa = PBXBuildFile; fileRef = AF0FB961174BB90500F015EC /* shuffler logo.jpg */; };
		AF0FB975174BB90500F015EC /* shuffler logo.png in Resources */ = {isa = PBXBuildFile; fileRef = AF0FB962174BB90500F015EC /* shuffler logo.png */; };
		AF0FB976174BB90500F015EC /* Starred.png in Resources */ = {isa = PBXBuildFile; fileRef = AF0FB963174BB90500F015EC /* Starred.png */; };
		AF44E108173E642E0088908D /* MediaPlayer.framework in Frameworks */ = {isa = PBXBuildFile; fileRef = AF44E107173E642E0088908D /* MediaPlayer.framework */; };
		AF44E10B173E9B820088908D /* MenuViewController.m in Sources */ = {isa = PBXBuildFile; fileRef = AF44E10A173E9B820088908D /* MenuViewController.m */; };
		AF44E10E173E9C830088908D /* Reachability.m in Sources */ = {isa = PBXBuildFile; fileRef = AF44E10D173E9C830088908D /* Reachability.m */; };
		AF44E110173EB4080088908D /* SystemConfiguration.framework in Frameworks */ = {isa = PBXBuildFile; fileRef = AF44E10F173EB4080088908D /* SystemConfiguration.framework */; };
		AF4AFB15176636E00034B881 /* DiscoverViewController.m in Sources */ = {isa = PBXBuildFile; fileRef = AF4AFB14176636E00034B881 /* DiscoverViewController.m */; };
		AF4AFB16176668F10034B881 /* Brandon_bld_it.ttf in Resources */ = {isa = PBXBuildFile; fileRef = A1407F5B1766056C00B9FFED /* Brandon_bld_it.ttf */; };
		AF4AFB17176668F10034B881 /* brandon_bld.ttf in Resources */ = {isa = PBXBuildFile; fileRef = A1407F421766053D00B9FFED /* brandon_bld.ttf */; };
		AF4AFB18176668F10034B881 /* brandon_blk_it.ttf in Resources */ = {isa = PBXBuildFile; fileRef = A1407F431766053D00B9FFED /* brandon_blk_it.ttf */; };
		AF4AFB19176668F10034B881 /* brandon_blk.ttf in Resources */ = {isa = PBXBuildFile; fileRef = A1407F441766053D00B9FFED /* brandon_blk.ttf */; };
		AF4AFB1A176668F10034B881 /* brandon_light_it.ttf in Resources */ = {isa = PBXBuildFile; fileRef = A1407F451766053D00B9FFED /* brandon_light_it.ttf */; };
		AF4AFB1B176668F10034B881 /* brandon_light.ttf in Resources */ = {isa = PBXBuildFile; fileRef = A1407F461766053D00B9FFED /* brandon_light.ttf */; };
		AF4AFB1C176668F10034B881 /* brandon_med_it.ttf in Resources */ = {isa = PBXBuildFile; fileRef = A1407F471766053D00B9FFED /* brandon_med_it.ttf */; };
		AF4AFB1D176668F10034B881 /* brandon_med.ttf in Resources */ = {isa = PBXBuildFile; fileRef = A1407F481766053D00B9FFED /* brandon_med.ttf */; };
		AF4AFB1E176668F10034B881 /* brandon_re.ttf in Resources */ = {isa = PBXBuildFile; fileRef = A1407F491766053D00B9FFED /* brandon_re.ttf */; };
		AF4AFB1F176668F10034B881 /* brandon_reg_it.ttf in Resources */ = {isa = PBXBuildFile; fileRef = A1407F4A1766053D00B9FFED /* brandon_reg_it.ttf */; };
		AF4AFB20176668F10034B881 /* brandon_reg.ttf in Resources */ = {isa = PBXBuildFile; fileRef = A1407F4B1766053D00B9FFED /* brandon_reg.ttf */; };
		AF4AFB21176668F10034B881 /* brandon_thin_it.ttf in Resources */ = {isa = PBXBuildFile; fileRef = A1407F4C1766053D00B9FFED /* brandon_thin_it.ttf */; };
		AF4AFB22176668F10034B881 /* brandon_thin.ttf in Resources */ = {isa = PBXBuildFile; fileRef = A1407F4D1766053D00B9FFED /* brandon_thin.ttf */; };
		AF72CB621757AEE30035CE53 /* DataPostHandler.m in Sources */ = {isa = PBXBuildFile; fileRef = AF72CB611757AEE30035CE53 /* DataPostHandler.m */; };
		AF75462A1751F95800DEDA96 /* home_ico.png in Resources */ = {isa = PBXBuildFile; fileRef = AF7546291751F95800DEDA96 /* home_ico.png */; };
		AF7546321751FDC000DEDA96 /* followed_ico.png in Resources */ = {isa = PBXBuildFile; fileRef = AF7546311751FDC000DEDA96 /* followed_ico.png */; };
		AF7546341751FF0B00DEDA96 /* my_blogs_ico.png in Resources */ = {isa = PBXBuildFile; fileRef = AF7546331751FF0B00DEDA96 /* my_blogs_ico.png */; };
		AF7546371751FFE400DEDA96 /* DashBoardViewController.m in Sources */ = {isa = PBXBuildFile; fileRef = AF7546361751FFE400DEDA96 /* DashBoardViewController.m */; };
		AF75463B1752003600DEDA96 /* FollowedViewController.m in Sources */ = {isa = PBXBuildFile; fileRef = AF75463A1752003500DEDA96 /* FollowedViewController.m */; };
		AF75463E1752005100DEDA96 /* FavoriteViewController.m in Sources */ = {isa = PBXBuildFile; fileRef = AF75463D1752005100DEDA96 /* FavoriteViewController.m */; };
		AF7546411752005F00DEDA96 /* MyBlogsViewController.m in Sources */ = {isa = PBXBuildFile; fileRef = AF7546401752005F00DEDA96 /* MyBlogsViewController.m */; };
		AF967FA217646B8300CED5E1 /* topbar_nowplaying.png in Resources */ = {isa = PBXBuildFile; fileRef = AF967FA117646B8300CED5E1 /* topbar_nowplaying.png */; };
		AF967FA41764750600CED5E1 /* discover_ico.png in Resources */ = {isa = PBXBuildFile; fileRef = AF967FA31764750600CED5E1 /* discover_ico.png */; };
		AFBFABAB174E3ED70043EA3F /* YoutubeURLGetter.m in Sources */ = {isa = PBXBuildFile; fileRef = AFBFABAA174E3ED60043EA3F /* YoutubeURLGetter.m */; };
		AFCFE9511754D1A500F71EC1 /* User.m in Sources */ = {isa = PBXBuildFile; fileRef = AFCFE9501754D1A500F71EC1 /* User.m */; };
		AFD89FD117686E19005E3693 /* favoritebutton.png in Resources */ = {isa = PBXBuildFile; fileRef = AFD89FCC17686E19005E3693 /* favoritebutton.png */; };
		AFD89FD217686E19005E3693 /* Navigationbar1.png in Resources */ = {isa = PBXBuildFile; fileRef = AFD89FCD17686E19005E3693 /* Navigationbar1.png */; };
		AFD89FD317686E19005E3693 /* optionsbalk.png in Resources */ = {isa = PBXBuildFile; fileRef = AFD89FCE17686E19005E3693 /* optionsbalk.png */; };
		AFD89FD417686E19005E3693 /* plusbutton.png in Resources */ = {isa = PBXBuildFile; fileRef = AFD89FCF17686E19005E3693 /* plusbutton.png */; };
		AFD89FD517686E19005E3693 /* shuffler logo.jpg in Resources */ = {isa = PBXBuildFile; fileRef = AFD89FD017686E19005E3693 /* shuffler logo.jpg */; };
		AFD8A02B1769C239005E3693 /* JXHTTPDataBody.m in Sources */ = {isa = PBXBuildFile; fileRef = AFD89FF51769C239005E3693 /* JXHTTPDataBody.m */; settings = {COMPILER_FLAGS = "-fobjc-arc -DOS_OBJECT_USE_OBJC=0"; }; };
		AFD8A02C1769C239005E3693 /* JXHTTPFileBody.m in Sources */ = {isa = PBXBuildFile; fileRef = AFD89FF71769C239005E3693 /* JXHTTPFileBody.m */; settings = {COMPILER_FLAGS = "-fobjc-arc -DOS_OBJECT_USE_OBJC=0"; }; };
		AFD8A02D1769C239005E3693 /* JXHTTPFormEncodedBody.m in Sources */ = {isa = PBXBuildFile; fileRef = AFD89FF91769C239005E3693 /* JXHTTPFormEncodedBody.m */; settings = {COMPILER_FLAGS = "-fobjc-arc -DOS_OBJECT_USE_OBJC=0"; }; };
		AFD8A02E1769C239005E3693 /* JXHTTPJSONBody.m in Sources */ = {isa = PBXBuildFile; fileRef = AFD89FFB1769C239005E3693 /* JXHTTPJSONBody.m */; settings = {COMPILER_FLAGS = "-fobjc-arc -DOS_OBJECT_USE_OBJC=0"; }; };
		AFD8A02F1769C239005E3693 /* JXHTTPMultipartBody.m in Sources */ = {isa = PBXBuildFile; fileRef = AFD89FFD1769C239005E3693 /* JXHTTPMultipartBody.m */; settings = {COMPILER_FLAGS = "-fobjc-arc -DOS_OBJECT_USE_OBJC=0"; }; };
		AFD8A0301769C239005E3693 /* JXHTTPOperation+Convenience.m in Sources */ = {isa = PBXBuildFile; fileRef = AFD89FFF1769C239005E3693 /* JXHTTPOperation+Convenience.m */; settings = {COMPILER_FLAGS = "-fobjc-arc -DOS_OBJECT_USE_OBJC=0"; }; };
		AFD8A0311769C239005E3693 /* JXHTTPOperation.m in Sources */ = {isa = PBXBuildFile; fileRef = AFD8A0011769C239005E3693 /* JXHTTPOperation.m */; settings = {COMPILER_FLAGS = "-fobjc-arc -DOS_OBJECT_USE_OBJC=0"; }; };
		AFD8A0321769C239005E3693 /* JXHTTPOperationQueue.m in Sources */ = {isa = PBXBuildFile; fileRef = AFD8A0041769C239005E3693 /* JXHTTPOperationQueue.m */; settings = {COMPILER_FLAGS = "-fobjc-arc -DOS_OBJECT_USE_OBJC=0"; }; };
		AFD8A0331769C239005E3693 /* JXOperation.m in Sources */ = {isa = PBXBuildFile; fileRef = AFD8A0081769C239005E3693 /* JXOperation.m */; settings = {COMPILER_FLAGS = "-fobjc-arc -DOS_OBJECT_USE_OBJC=0"; }; };
		AFD8A0341769C239005E3693 /* JXURLConnectionOperation.m in Sources */ = {isa = PBXBuildFile; fileRef = AFD8A00A1769C239005E3693 /* JXURLConnectionOperation.m */; settings = {COMPILER_FLAGS = "-fobjc-arc -DOS_OBJECT_USE_OBJC=0"; }; };
		AFD8A0351769C239005E3693 /* JXURLEncoding.m in Sources */ = {isa = PBXBuildFile; fileRef = AFD8A00C1769C239005E3693 /* JXURLEncoding.m */; settings = {COMPILER_FLAGS = "-fobjc-arc -DOS_OBJECT_USE_OBJC=0"; }; };
		AFD8A0361769C239005E3693 /* LICENSE.txt in Resources */ = {isa = PBXBuildFile; fileRef = AFD8A00D1769C239005E3693 /* LICENSE.txt */; };
		AFD8A0371769C239005E3693 /* README.md in Resources */ = {isa = PBXBuildFile; fileRef = AFD8A00E1769C239005E3693 /* README.md */; };
		AFD8A0381769C239005E3693 /* NSData+Base64.m in Sources */ = {isa = PBXBuildFile; fileRef = AFD8A0111769C239005E3693 /* NSData+Base64.m */; settings = {COMPILER_FLAGS = "-fobjc-arc -DOS_OBJECT_USE_OBJC=0"; }; };
		AFD8A0391769C239005E3693 /* LICENSE in Resources */ = {isa = PBXBuildFile; fileRef = AFD8A0131769C239005E3693 /* LICENSE */; };
		AFD8A03A1769C239005E3693 /* README.md in Resources */ = {isa = PBXBuildFile; fileRef = AFD8A0141769C239005E3693 /* README.md */; };
		AFD8A03B1769C239005E3693 /* TMTumblrActivity.m in Sources */ = {isa = PBXBuildFile; fileRef = AFD8A0181769C239005E3693 /* TMTumblrActivity.m */; settings = {COMPILER_FLAGS = "-fobjc-arc -DOS_OBJECT_USE_OBJC=0"; }; };
		AFD8A03C1769C239005E3693 /* UIActivityTumblr.png in Resources */ = {isa = PBXBuildFile; fileRef = AFD8A0191769C239005E3693 /* UIActivityTumblr.png */; };
		AFD8A03D1769C239005E3693 /* UIActivityTumblr@2x.png in Resources */ = {isa = PBXBuildFile; fileRef = AFD8A01A1769C239005E3693 /* UIActivityTumblr@2x.png */; };
		AFD8A03E1769C239005E3693 /* UIActivityTumblr@2x~ipad.png in Resources */ = {isa = PBXBuildFile; fileRef = AFD8A01B1769C239005E3693 /* UIActivityTumblr@2x~ipad.png */; };
		AFD8A03F1769C239005E3693 /* UIActivityTumblr~ipad.png in Resources */ = {isa = PBXBuildFile; fileRef = AFD8A01C1769C239005E3693 /* UIActivityTumblr~ipad.png */; };
		AFD8A0401769C239005E3693 /* TMAPIClient.m in Sources */ = {isa = PBXBuildFile; fileRef = AFD8A01F1769C239005E3693 /* TMAPIClient.m */; settings = {COMPILER_FLAGS = "-fobjc-arc -DOS_OBJECT_USE_OBJC=0"; }; };
		AFD8A0411769C239005E3693 /* TMTumblrAppClient.m in Sources */ = {isa = PBXBuildFile; fileRef = AFD8A0221769C239005E3693 /* TMTumblrAppClient.m */; settings = {COMPILER_FLAGS = "-fobjc-arc -DOS_OBJECT_USE_OBJC=0"; }; };
		AFD8A0421769C239005E3693 /* TMOAuth.m in Sources */ = {isa = PBXBuildFile; fileRef = AFD8A0251769C239005E3693 /* TMOAuth.m */; settings = {COMPILER_FLAGS = "-fobjc-arc -DOS_OBJECT_USE_OBJC=0"; }; };
		AFD8A0431769C239005E3693 /* TMTumblrAuthenticator.m in Sources */ = {isa = PBXBuildFile; fileRef = AFD8A0271769C239005E3693 /* TMTumblrAuthenticator.m */; settings = {COMPILER_FLAGS = "-fobjc-arc -DOS_OBJECT_USE_OBJC=0"; }; };
		AFD8A0441769C239005E3693 /* TMSDKFunctions.m in Sources */ = {isa = PBXBuildFile; fileRef = AFD8A02A1769C239005E3693 /* TMSDKFunctions.m */; settings = {COMPILER_FLAGS = "-fobjc-arc -DOS_OBJECT_USE_OBJC=0"; }; };
		AFD8A0461769FB4F005E3693 /* play_ico.png in Resources */ = {isa = PBXBuildFile; fileRef = AFD8A0451769FB4F005E3693 /* play_ico.png */; };
		AFD8A049176A011A005E3693 /* SinglePostViewController.m in Sources */ = {isa = PBXBuildFile; fileRef = AFD8A048176A0119005E3693 /* SinglePostViewController.m */; };
		AFFD3B7C17366D1500FC7E82 /* DataViewController.m in Sources */ = {isa = PBXBuildFile; fileRef = AFFD3B7717366D1500FC7E82 /* DataViewController.m */; };
		AFFD3B7D17366D1500FC7E82 /* ModelController.m in Sources */ = {isa = PBXBuildFile; fileRef = AFFD3B7917366D1500FC7E82 /* ModelController.m */; };
		AFFD3B7E17366D1500FC7E82 /* RootViewController.m in Sources */ = {isa = PBXBuildFile; fileRef = AFFD3B7B17366D1500FC7E82 /* RootViewController.m */; };
/* End PBXBuildFile section */

/* Begin PBXContainerItemProxy section */
		A1FAD72C171EA7BC0095EC7E /* PBXContainerItemProxy */ = {
			isa = PBXContainerItemProxy;
			containerPortal = A1FAD6F6171EA7BC0095EC7E /* Project object */;
			proxyType = 1;
			remoteGlobalIDString = A1FAD6FD171EA7BC0095EC7E;
			remoteInfo = ShufflerTumblr;
		};
/* End PBXContainerItemProxy section */

/* Begin PBXCopyFilesBuildPhase section */
		3F7D7BE1175C939D002E552B /* CopyFiles */ = {
			isa = PBXCopyFilesBuildPhase;
			buildActionMask = 2147483647;
			dstPath = "";
			dstSubfolderSpec = 7;
			files = (
			);
			runOnlyForDeploymentPostprocessing = 0;
		};
/* End PBXCopyFilesBuildPhase section */

/* Begin PBXFileReference section */
		3F33F7191765CDE700C19694 /* oauthAutoConfig.plist */ = {isa = PBXFileReference; fileEncoding = 4; lastKnownFileType = text.plist.xml; path = oauthAutoConfig.plist; sourceTree = "<group>"; };
		3F7EA92F1765F946008DA0CD /* keys.h */ = {isa = PBXFileReference; lastKnownFileType = sourcecode.c.h; path = keys.h; sourceTree = "<group>"; };
		3FBE3CBA17620C89000386D4 /* Security.framework */ = {isa = PBXFileReference; lastKnownFileType = wrapper.framework; name = Security.framework; path = System/Library/Frameworks/Security.framework; sourceTree = SDKROOT; };
		3FBE3CBE17620D56000386D4 /* libxml2.dylib */ = {isa = PBXFileReference; lastKnownFileType = "compiled.mach-o.dylib"; name = libxml2.dylib; path = usr/lib/libxml2.dylib; sourceTree = SDKROOT; };
		6D01E8781758BDF3000884FB /* FavouriteBlog.h */ = {isa = PBXFileReference; fileEncoding = 4; lastKnownFileType = sourcecode.c.h; path = FavouriteBlog.h; sourceTree = "<group>"; };
		6D01E8791758BDF3000884FB /* FavouriteBlog.m */ = {isa = PBXFileReference; fileEncoding = 4; lastKnownFileType = sourcecode.c.objc; path = FavouriteBlog.m; sourceTree = "<group>"; };
		7F51BE81172473C300AF3F04 /* Blog.h */ = {isa = PBXFileReference; fileEncoding = 4; lastKnownFileType = sourcecode.c.h; path = Blog.h; sourceTree = "<group>"; };
		7F51BE82172473C300AF3F04 /* Blog.m */ = {isa = PBXFileReference; fileEncoding = 4; lastKnownFileType = sourcecode.c.objc; path = Blog.m; sourceTree = "<group>"; };
		7F9BA4C71727D1D600F26F2C /* Post.h */ = {isa = PBXFileReference; fileEncoding = 4; lastKnownFileType = sourcecode.c.h; path = Post.h; sourceTree = "<group>"; };
		7F9BA4CA1727E66600F26F2C /* Video.h */ = {isa = PBXFileReference; fileEncoding = 4; lastKnownFileType = sourcecode.c.h; path = Video.h; sourceTree = "<group>"; };
		7F9BA4CB1727E66600F26F2C /* Video.m */ = {isa = PBXFileReference; fileEncoding = 4; lastKnownFileType = sourcecode.c.objc; path = Video.m; sourceTree = "<group>"; };
		7F9BA4CD1727E6E500F26F2C /* Audio.h */ = {isa = PBXFileReference; fileEncoding = 4; lastKnownFileType = sourcecode.c.h; path = Audio.h; sourceTree = "<group>"; };
		7F9BA4CE1727E6E500F26F2C /* Audio.m */ = {isa = PBXFileReference; fileEncoding = 4; indentWidth = 5; lastKnownFileType = sourcecode.c.objc; path = Audio.m; sourceTree = "<group>"; tabWidth = 5; usesTabs = 1; };
		7FA53F85172E97DE00F0AFA5 /* Info.h */ = {isa = PBXFileReference; fileEncoding = 4; lastKnownFileType = sourcecode.c.h; path = Info.h; sourceTree = "<group>"; };
		7FA53F88172E98E700F0AFA5 /* BlogInfo.h */ = {isa = PBXFileReference; fileEncoding = 4; lastKnownFileType = sourcecode.c.h; path = BlogInfo.h; sourceTree = "<group>"; };
		7FA53F89172E98E700F0AFA5 /* BlogInfo.m */ = {isa = PBXFileReference; fileEncoding = 4; lastKnownFileType = sourcecode.c.objc; path = BlogInfo.m; sourceTree = "<group>"; };
		7FDC45691757AC640065FA9F /* Favourites.h */ = {isa = PBXFileReference; fileEncoding = 4; lastKnownFileType = sourcecode.c.h; path = Favourites.h; sourceTree = "<group>"; };
		7FDC456A1757AC640065FA9F /* Favourites.m */ = {isa = PBXFileReference; fileEncoding = 4; lastKnownFileType = sourcecode.c.objc; path = Favourites.m; sourceTree = "<group>"; };
		8B9BDFFE17452E5D008B3500 /* postgetter.h */ = {isa = PBXFileReference; lastKnownFileType = sourcecode.c.h; path = postgetter.h; sourceTree = "<group>"; };
		8B9BDFFF174570FB008B3500 /* bloggetter.h */ = {isa = PBXFileReference; lastKnownFileType = sourcecode.c.h; path = bloggetter.h; sourceTree = "<group>"; };
		8BC2E3921737B12700521124 /* AVFoundation.framework */ = {isa = PBXFileReference; lastKnownFileType = wrapper.framework; name = AVFoundation.framework; path = System/Library/Frameworks/AVFoundation.framework; sourceTree = SDKROOT; };
		8BE37D76176696C30025B178 /* CoreMedia.framework */ = {isa = PBXFileReference; lastKnownFileType = wrapper.framework; name = CoreMedia.framework; path = System/Library/Frameworks/CoreMedia.framework; sourceTree = SDKROOT; };
		8BE37D7817669ED20025B178 /* NextPostLoader.h */ = {isa = PBXFileReference; fileEncoding = 4; lastKnownFileType = sourcecode.c.h; path = NextPostLoader.h; sourceTree = "<group>"; };
		A1407F421766053D00B9FFED /* brandon_bld.ttf */ = {isa = PBXFileReference; lastKnownFileType = file; path = brandon_bld.ttf; sourceTree = "<group>"; };
		A1407F431766053D00B9FFED /* brandon_blk_it.ttf */ = {isa = PBXFileReference; lastKnownFileType = file; path = brandon_blk_it.ttf; sourceTree = "<group>"; };
		A1407F441766053D00B9FFED /* brandon_blk.ttf */ = {isa = PBXFileReference; lastKnownFileType = file; path = brandon_blk.ttf; sourceTree = "<group>"; };
		A1407F451766053D00B9FFED /* brandon_light_it.ttf */ = {isa = PBXFileReference; lastKnownFileType = file; path = brandon_light_it.ttf; sourceTree = "<group>"; };
		A1407F461766053D00B9FFED /* brandon_light.ttf */ = {isa = PBXFileReference; lastKnownFileType = file; path = brandon_light.ttf; sourceTree = "<group>"; };
		A1407F471766053D00B9FFED /* brandon_med_it.ttf */ = {isa = PBXFileReference; lastKnownFileType = file; path = brandon_med_it.ttf; sourceTree = "<group>"; };
		A1407F481766053D00B9FFED /* brandon_med.ttf */ = {isa = PBXFileReference; lastKnownFileType = file; path = brandon_med.ttf; sourceTree = "<group>"; };
		A1407F491766053D00B9FFED /* brandon_re.ttf */ = {isa = PBXFileReference; lastKnownFileType = file; path = brandon_re.ttf; sourceTree = "<group>"; };
		A1407F4A1766053D00B9FFED /* brandon_reg_it.ttf */ = {isa = PBXFileReference; lastKnownFileType = file; path = brandon_reg_it.ttf; sourceTree = "<group>"; };
		A1407F4B1766053D00B9FFED /* brandon_reg.ttf */ = {isa = PBXFileReference; lastKnownFileType = file; path = brandon_reg.ttf; sourceTree = "<group>"; };
		A1407F4C1766053D00B9FFED /* brandon_thin_it.ttf */ = {isa = PBXFileReference; lastKnownFileType = file; path = brandon_thin_it.ttf; sourceTree = "<group>"; };
		A1407F4D1766053D00B9FFED /* brandon_thin.ttf */ = {isa = PBXFileReference; lastKnownFileType = file; path = brandon_thin.ttf; sourceTree = "<group>"; };
		A1407F5B1766056C00B9FFED /* Brandon_bld_it.ttf */ = {isa = PBXFileReference; lastKnownFileType = file; path = Brandon_bld_it.ttf; sourceTree = "<group>"; };
		A1407F6A1766094C00B9FFED /* navigationbar.png */ = {isa = PBXFileReference; lastKnownFileType = image.png; path = navigationbar.png; sourceTree = "<group>"; };
		A1407F6E17660D1200B9FFED /* Navigationbar2.png */ = {isa = PBXFileReference; lastKnownFileType = image.png; path = Navigationbar2.png; sourceTree = "<group>"; };
		A1407F7017660D7200B9FFED /* Navigationbar3.png */ = {isa = PBXFileReference; lastKnownFileType = image.png; path = Navigationbar3.png; sourceTree = "<group>"; };
		A16C4FC51769A95F0049745B /* Social.framework */ = {isa = PBXFileReference; lastKnownFileType = wrapper.framework; name = Social.framework; path = System/Library/Frameworks/Social.framework; sourceTree = SDKROOT; };
		A187A3551727D83900AF4F82 /* LoginViewController.h */ = {isa = PBXFileReference; fileEncoding = 4; lastKnownFileType = sourcecode.c.h; path = LoginViewController.h; sourceTree = "<group>"; };
		A187A3561727D83900AF4F82 /* LoginViewController.m */ = {isa = PBXFileReference; fileEncoding = 4; lastKnownFileType = sourcecode.c.objc; path = LoginViewController.m; sourceTree = "<group>"; };
		A1FAD6FE171EA7BC0095EC7E /* ShufflerTumblr.app */ = {isa = PBXFileReference; explicitFileType = wrapper.application; includeInIndex = 0; path = ShufflerTumblr.app; sourceTree = BUILT_PRODUCTS_DIR; };
		A1FAD701171EA7BC0095EC7E /* UIKit.framework */ = {isa = PBXFileReference; lastKnownFileType = wrapper.framework; name = UIKit.framework; path = System/Library/Frameworks/UIKit.framework; sourceTree = SDKROOT; };
		A1FAD703171EA7BC0095EC7E /* Foundation.framework */ = {isa = PBXFileReference; lastKnownFileType = wrapper.framework; name = Foundation.framework; path = System/Library/Frameworks/Foundation.framework; sourceTree = SDKROOT; };
		A1FAD705171EA7BC0095EC7E /* CoreGraphics.framework */ = {isa = PBXFileReference; lastKnownFileType = wrapper.framework; name = CoreGraphics.framework; path = System/Library/Frameworks/CoreGraphics.framework; sourceTree = SDKROOT; };
		A1FAD709171EA7BC0095EC7E /* ShufflerTumblr-Info.plist */ = {isa = PBXFileReference; lastKnownFileType = text.plist.xml; path = "ShufflerTumblr-Info.plist"; sourceTree = "<group>"; };
		A1FAD70B171EA7BC0095EC7E /* en */ = {isa = PBXFileReference; lastKnownFileType = text.plist.strings; name = en; path = en.lproj/InfoPlist.strings; sourceTree = "<group>"; };
		A1FAD70D171EA7BC0095EC7E /* main.m */ = {isa = PBXFileReference; lastKnownFileType = sourcecode.c.objc; path = main.m; sourceTree = "<group>"; };
		A1FAD70F171EA7BC0095EC7E /* ShufflerTumblr-Prefix.pch */ = {isa = PBXFileReference; lastKnownFileType = sourcecode.c.h; path = "ShufflerTumblr-Prefix.pch"; sourceTree = "<group>"; };
		A1FAD710171EA7BC0095EC7E /* AppDelegate.h */ = {isa = PBXFileReference; lastKnownFileType = sourcecode.c.h; path = AppDelegate.h; sourceTree = "<group>"; };
		A1FAD711171EA7BC0095EC7E /* AppDelegate.m */ = {isa = PBXFileReference; lastKnownFileType = sourcecode.c.objc; path = AppDelegate.m; sourceTree = "<group>"; };
		A1FAD713171EA7BC0095EC7E /* Default.png */ = {isa = PBXFileReference; lastKnownFileType = image.png; path = Default.png; sourceTree = "<group>"; };
		A1FAD715171EA7BC0095EC7E /* Default@2x.png */ = {isa = PBXFileReference; lastKnownFileType = image.png; path = "Default@2x.png"; sourceTree = "<group>"; };
		A1FAD717171EA7BC0095EC7E /* Default-568h@2x.png */ = {isa = PBXFileReference; lastKnownFileType = image.png; path = "Default-568h@2x.png"; sourceTree = "<group>"; };
		A1FAD71A171EA7BC0095EC7E /* en */ = {isa = PBXFileReference; lastKnownFileType = file.storyboard; name = en; path = en.lproj/MainStoryboard.storyboard; sourceTree = "<group>"; };
		A1FAD727171EA7BC0095EC7E /* ShufflerTumblrTests.octest */ = {isa = PBXFileReference; explicitFileType = wrapper.cfbundle; includeInIndex = 0; path = ShufflerTumblrTests.octest; sourceTree = BUILT_PRODUCTS_DIR; };
		A1FAD728171EA7BC0095EC7E /* SenTestingKit.framework */ = {isa = PBXFileReference; lastKnownFileType = wrapper.framework; name = SenTestingKit.framework; path = Library/Frameworks/SenTestingKit.framework; sourceTree = DEVELOPER_DIR; };
		A1FAD730171EA7BC0095EC7E /* ShufflerTumblrTests-Info.plist */ = {isa = PBXFileReference; lastKnownFileType = text.plist.xml; path = "ShufflerTumblrTests-Info.plist"; sourceTree = "<group>"; };
		A1FAD732171EA7BC0095EC7E /* en */ = {isa = PBXFileReference; lastKnownFileType = text.plist.strings; name = en; path = en.lproj/InfoPlist.strings; sourceTree = "<group>"; };
		A1FAD734171EA7BC0095EC7E /* ShufflerTumblrTests.h */ = {isa = PBXFileReference; lastKnownFileType = sourcecode.c.h; path = ShufflerTumblrTests.h; sourceTree = "<group>"; };
		A1FAD735171EA7BC0095EC7E /* ShufflerTumblrTests.m */ = {isa = PBXFileReference; lastKnownFileType = sourcecode.c.objc; path = ShufflerTumblrTests.m; sourceTree = "<group>"; };
		AF0FB951174BB90500F015EC /* !selectedbuttonbar.png */ = {isa = PBXFileReference; lastKnownFileType = image.png; name = "!selectedbuttonbar.png"; path = "../Buttons/!selectedbuttonbar.png"; sourceTree = "<group>"; };
		AF0FB952174BB90500F015EC /* !selectedbuttonbarend.png */ = {isa = PBXFileReference; lastKnownFileType = image.png; name = "!selectedbuttonbarend.png"; path = "../Buttons/!selectedbuttonbarend.png"; sourceTree = "<group>"; };
		AF0FB953174BB90500F015EC /* backgroundbar.png */ = {isa = PBXFileReference; lastKnownFileType = image.png; name = backgroundbar.png; path = ../Buttons/backgroundbar.png; sourceTree = "<group>"; };
		AF0FB954174BB90500F015EC /* blackbackground.png */ = {isa = PBXFileReference; lastKnownFileType = image.png; name = blackbackground.png; path = ../Buttons/blackbackground.png; sourceTree = "<group>"; };
		AF0FB955174BB90500F015EC /* buttonachtergrond.png */ = {isa = PBXFileReference; lastKnownFileType = image.png; name = buttonachtergrond.png; path = ../Buttons/buttonachtergrond.png; sourceTree = "<group>"; };
		AF0FB956174BB90500F015EC /* buttonshuffler.png */ = {isa = PBXFileReference; lastKnownFileType = image.png; name = buttonshuffler.png; path = ../Buttons/buttonshuffler.png; sourceTree = "<group>"; };
		AF0FB957174BB90500F015EC /* Loginbuttno.png */ = {isa = PBXFileReference; lastKnownFileType = image.png; name = Loginbuttno.png; path = ../Buttons/Loginbuttno.png; sourceTree = "<group>"; };
		AF0FB958174BB90500F015EC /* sendbutton.png */ = {isa = PBXFileReference; lastKnownFileType = image.png; name = sendbutton.png; path = ../Buttons/sendbutton.png; sourceTree = "<group>"; };
		AF0FB959174BB90500F015EC /* Shufflerbackground.png */ = {isa = PBXFileReference; lastKnownFileType = image.png; name = Shufflerbackground.png; path = ../Buttons/Shufflerbackground.png; sourceTree = "<group>"; };
		AF0FB95A174BB90500F015EC /* DashboardFeed.png */ = {isa = PBXFileReference; lastKnownFileType = image.png; name = DashboardFeed.png; path = ../Buttons/DashboardFeed.png; sourceTree = "<group>"; };
		AF0FB95B174BB90500F015EC /* exitbutton.png */ = {isa = PBXFileReference; lastKnownFileType = image.png; name = exitbutton.png; path = ../Buttons/exitbutton.png; sourceTree = "<group>"; };
		AF0FB95C174BB90500F015EC /* favouritebutton.png */ = {isa = PBXFileReference; lastKnownFileType = image.png; name = favouritebutton.png; path = ../Buttons/favouritebutton.png; sourceTree = "<group>"; };
		AF0FB95D174BB90500F015EC /* Followed.png */ = {isa = PBXFileReference; lastKnownFileType = image.png; name = Followed.png; path = ../Buttons/Followed.png; sourceTree = "<group>"; };
		AF0FB95E174BB90500F015EC /* Image_9.png */ = {isa = PBXFileReference; lastKnownFileType = image.png; name = Image_9.png; path = ../Buttons/Image_9.png; sourceTree = "<group>"; };
		AF0FB95F174BB90500F015EC /* Login.png */ = {isa = PBXFileReference; lastKnownFileType = image.png; name = Login.png; path = ../Buttons/Login.png; sourceTree = "<group>"; };
		AF0FB960174BB90500F015EC /* MyBlogs.png */ = {isa = PBXFileReference; lastKnownFileType = image.png; name = MyBlogs.png; path = ../Buttons/MyBlogs.png; sourceTree = "<group>"; };
		AF0FB961174BB90500F015EC /* shuffler logo.jpg */ = {isa = PBXFileReference; lastKnownFileType = image.jpeg; name = "shuffler logo.jpg"; path = "../Buttons/shuffler logo.jpg"; sourceTree = "<group>"; };
		AF0FB962174BB90500F015EC /* shuffler logo.png */ = {isa = PBXFileReference; lastKnownFileType = image.png; name = "shuffler logo.png"; path = "../Buttons/shuffler logo.png"; sourceTree = "<group>"; };
		AF0FB963174BB90500F015EC /* Starred.png */ = {isa = PBXFileReference; lastKnownFileType = image.png; name = Starred.png; path = ../Buttons/Starred.png; sourceTree = "<group>"; };
		AF44E107173E642E0088908D /* MediaPlayer.framework */ = {isa = PBXFileReference; lastKnownFileType = wrapper.framework; name = MediaPlayer.framework; path = System/Library/Frameworks/MediaPlayer.framework; sourceTree = SDKROOT; };
		AF44E109173E9B820088908D /* MenuViewController.h */ = {isa = PBXFileReference; fileEncoding = 4; lastKnownFileType = sourcecode.c.h; path = MenuViewController.h; sourceTree = "<group>"; };
		AF44E10A173E9B820088908D /* MenuViewController.m */ = {isa = PBXFileReference; fileEncoding = 4; lastKnownFileType = sourcecode.c.objc; path = MenuViewController.m; sourceTree = "<group>"; };
		AF44E10C173E9C830088908D /* Reachability.h */ = {isa = PBXFileReference; fileEncoding = 4; lastKnownFileType = sourcecode.c.h; path = Reachability.h; sourceTree = "<group>"; };
		AF44E10D173E9C830088908D /* Reachability.m */ = {isa = PBXFileReference; fileEncoding = 4; lastKnownFileType = sourcecode.c.objc; path = Reachability.m; sourceTree = "<group>"; };
		AF44E10F173EB4080088908D /* SystemConfiguration.framework */ = {isa = PBXFileReference; lastKnownFileType = wrapper.framework; name = SystemConfiguration.framework; path = System/Library/Frameworks/SystemConfiguration.framework; sourceTree = SDKROOT; };
		AF4AFB13176636E00034B881 /* DiscoverViewController.h */ = {isa = PBXFileReference; fileEncoding = 4; lastKnownFileType = sourcecode.c.h; path = DiscoverViewController.h; sourceTree = "<group>"; };
		AF4AFB14176636E00034B881 /* DiscoverViewController.m */ = {isa = PBXFileReference; fileEncoding = 4; lastKnownFileType = sourcecode.c.objc; path = DiscoverViewController.m; sourceTree = "<group>"; };
		AF72CB601757AEE30035CE53 /* DataPostHandler.h */ = {isa = PBXFileReference; fileEncoding = 4; lastKnownFileType = sourcecode.c.h; path = DataPostHandler.h; sourceTree = "<group>"; };
		AF72CB611757AEE30035CE53 /* DataPostHandler.m */ = {isa = PBXFileReference; fileEncoding = 4; lastKnownFileType = sourcecode.c.objc; path = DataPostHandler.m; sourceTree = "<group>"; };
		AF7546291751F95800DEDA96 /* home_ico.png */ = {isa = PBXFileReference; lastKnownFileType = image.png; path = home_ico.png; sourceTree = "<group>"; };
		AF7546311751FDC000DEDA96 /* followed_ico.png */ = {isa = PBXFileReference; lastKnownFileType = image.png; path = followed_ico.png; sourceTree = "<group>"; };
		AF7546331751FF0B00DEDA96 /* my_blogs_ico.png */ = {isa = PBXFileReference; lastKnownFileType = image.png; path = my_blogs_ico.png; sourceTree = "<group>"; };
		AF7546351751FFE400DEDA96 /* DashBoardViewController.h */ = {isa = PBXFileReference; fileEncoding = 4; lastKnownFileType = sourcecode.c.h; path = DashBoardViewController.h; sourceTree = "<group>"; };
		AF7546361751FFE400DEDA96 /* DashBoardViewController.m */ = {isa = PBXFileReference; fileEncoding = 4; lastKnownFileType = sourcecode.c.objc; path = DashBoardViewController.m; sourceTree = "<group>"; };
		AF7546391752003500DEDA96 /* FollowedViewController.h */ = {isa = PBXFileReference; fileEncoding = 4; lastKnownFileType = sourcecode.c.h; path = FollowedViewController.h; sourceTree = "<group>"; };
		AF75463A1752003500DEDA96 /* FollowedViewController.m */ = {isa = PBXFileReference; fileEncoding = 4; lastKnownFileType = sourcecode.c.objc; path = FollowedViewController.m; sourceTree = "<group>"; };
		AF75463C1752005100DEDA96 /* FavoriteViewController.h */ = {isa = PBXFileReference; fileEncoding = 4; lastKnownFileType = sourcecode.c.h; path = FavoriteViewController.h; sourceTree = "<group>"; };
		AF75463D1752005100DEDA96 /* FavoriteViewController.m */ = {isa = PBXFileReference; fileEncoding = 4; lastKnownFileType = sourcecode.c.objc; path = FavoriteViewController.m; sourceTree = "<group>"; };
		AF75463F1752005F00DEDA96 /* MyBlogsViewController.h */ = {isa = PBXFileReference; fileEncoding = 4; lastKnownFileType = sourcecode.c.h; path = MyBlogsViewController.h; sourceTree = "<group>"; };
		AF7546401752005F00DEDA96 /* MyBlogsViewController.m */ = {isa = PBXFileReference; fileEncoding = 4; lastKnownFileType = sourcecode.c.objc; path = MyBlogsViewController.m; sourceTree = "<group>"; };
		AF967FA117646B8300CED5E1 /* topbar_nowplaying.png */ = {isa = PBXFileReference; lastKnownFileType = image.png; path = topbar_nowplaying.png; sourceTree = "<group>"; };
		AF967FA31764750600CED5E1 /* discover_ico.png */ = {isa = PBXFileReference; lastKnownFileType = image.png; path = discover_ico.png; sourceTree = "<group>"; };
		AFBFABA9174E3ED60043EA3F /* YoutubeURLGetter.h */ = {isa = PBXFileReference; fileEncoding = 4; lastKnownFileType = sourcecode.c.h; path = YoutubeURLGetter.h; sourceTree = "<group>"; };
		AFBFABAA174E3ED60043EA3F /* YoutubeURLGetter.m */ = {isa = PBXFileReference; fileEncoding = 4; lastKnownFileType = sourcecode.c.objc; path = YoutubeURLGetter.m; sourceTree = "<group>"; };
		AFCFE94F1754D1A500F71EC1 /* User.h */ = {isa = PBXFileReference; fileEncoding = 4; lastKnownFileType = sourcecode.c.h; path = User.h; sourceTree = "<group>"; };
		AFCFE9501754D1A500F71EC1 /* User.m */ = {isa = PBXFileReference; fileEncoding = 4; lastKnownFileType = sourcecode.c.objc; path = User.m; sourceTree = "<group>"; };
		AFD89FCC17686E19005E3693 /* favoritebutton.png */ = {isa = PBXFileReference; lastKnownFileType = image.png; path = favoritebutton.png; sourceTree = "<group>"; };
		AFD89FCD17686E19005E3693 /* Navigationbar1.png */ = {isa = PBXFileReference; lastKnownFileType = image.png; path = Navigationbar1.png; sourceTree = "<group>"; };
		AFD89FCE17686E19005E3693 /* optionsbalk.png */ = {isa = PBXFileReference; lastKnownFileType = image.png; path = optionsbalk.png; sourceTree = "<group>"; };
		AFD89FCF17686E19005E3693 /* plusbutton.png */ = {isa = PBXFileReference; lastKnownFileType = image.png; path = plusbutton.png; sourceTree = "<group>"; };
		AFD89FD017686E19005E3693 /* shuffler logo.jpg */ = {isa = PBXFileReference; lastKnownFileType = image.jpeg; path = "shuffler logo.jpg"; sourceTree = "<group>"; };
		AFD89FD91769C239005E3693 /* JXHTTP.h */ = {isa = PBXFileReference; fileEncoding = 4; lastKnownFileType = sourcecode.c.h; path = JXHTTP.h; sourceTree = "<group>"; };
		AFD89FDA1769C239005E3693 /* JXHTTPDataBody.h */ = {isa = PBXFileReference; fileEncoding = 4; lastKnownFileType = sourcecode.c.h; path = JXHTTPDataBody.h; sourceTree = "<group>"; };
		AFD89FDB1769C239005E3693 /* JXHTTPFileBody.h */ = {isa = PBXFileReference; fileEncoding = 4; lastKnownFileType = sourcecode.c.h; path = JXHTTPFileBody.h; sourceTree = "<group>"; };
		AFD89FDC1769C239005E3693 /* JXHTTPFormEncodedBody.h */ = {isa = PBXFileReference; fileEncoding = 4; lastKnownFileType = sourcecode.c.h; path = JXHTTPFormEncodedBody.h; sourceTree = "<group>"; };
		AFD89FDD1769C239005E3693 /* JXHTTPJSONBody.h */ = {isa = PBXFileReference; fileEncoding = 4; lastKnownFileType = sourcecode.c.h; path = JXHTTPJSONBody.h; sourceTree = "<group>"; };
		AFD89FDE1769C239005E3693 /* JXHTTPMultipartBody.h */ = {isa = PBXFileReference; fileEncoding = 4; lastKnownFileType = sourcecode.c.h; path = JXHTTPMultipartBody.h; sourceTree = "<group>"; };
		AFD89FDF1769C239005E3693 /* JXHTTPOperation+Convenience.h */ = {isa = PBXFileReference; fileEncoding = 4; lastKnownFileType = sourcecode.c.h; path = "JXHTTPOperation+Convenience.h"; sourceTree = "<group>"; };
		AFD89FE01769C239005E3693 /* JXHTTPOperation.h */ = {isa = PBXFileReference; fileEncoding = 4; lastKnownFileType = sourcecode.c.h; path = JXHTTPOperation.h; sourceTree = "<group>"; };
		AFD89FE11769C239005E3693 /* JXHTTPOperationDelegate.h */ = {isa = PBXFileReference; fileEncoding = 4; lastKnownFileType = sourcecode.c.h; path = JXHTTPOperationDelegate.h; sourceTree = "<group>"; };
		AFD89FE21769C239005E3693 /* JXHTTPOperationQueue.h */ = {isa = PBXFileReference; fileEncoding = 4; lastKnownFileType = sourcecode.c.h; path = JXHTTPOperationQueue.h; sourceTree = "<group>"; };
		AFD89FE31769C239005E3693 /* JXHTTPOperationQueueDelegate.h */ = {isa = PBXFileReference; fileEncoding = 4; lastKnownFileType = sourcecode.c.h; path = JXHTTPOperationQueueDelegate.h; sourceTree = "<group>"; };
		AFD89FE41769C239005E3693 /* JXHTTPRequestBody.h */ = {isa = PBXFileReference; fileEncoding = 4; lastKnownFileType = sourcecode.c.h; path = JXHTTPRequestBody.h; sourceTree = "<group>"; };
		AFD89FE51769C239005E3693 /* JXOperation.h */ = {isa = PBXFileReference; fileEncoding = 4; lastKnownFileType = sourcecode.c.h; path = JXOperation.h; sourceTree = "<group>"; };
		AFD89FE61769C239005E3693 /* JXURLConnectionOperation.h */ = {isa = PBXFileReference; fileEncoding = 4; lastKnownFileType = sourcecode.c.h; path = JXURLConnectionOperation.h; sourceTree = "<group>"; };
		AFD89FE71769C239005E3693 /* JXURLEncoding.h */ = {isa = PBXFileReference; fileEncoding = 4; lastKnownFileType = sourcecode.c.h; path = JXURLEncoding.h; sourceTree = "<group>"; };
		AFD89FE91769C239005E3693 /* NSData+Base64.h */ = {isa = PBXFileReference; fileEncoding = 4; lastKnownFileType = sourcecode.c.h; path = "NSData+Base64.h"; sourceTree = "<group>"; };
		AFD89FEB1769C239005E3693 /* TMAPIClient.h */ = {isa = PBXFileReference; fileEncoding = 4; lastKnownFileType = sourcecode.c.h; path = TMAPIClient.h; sourceTree = "<group>"; };
		AFD89FEC1769C239005E3693 /* TMOAuth.h */ = {isa = PBXFileReference; fileEncoding = 4; lastKnownFileType = sourcecode.c.h; path = TMOAuth.h; sourceTree = "<group>"; };
		AFD89FED1769C239005E3693 /* TMSDKFunctions.h */ = {isa = PBXFileReference; fileEncoding = 4; lastKnownFileType = sourcecode.c.h; path = TMSDKFunctions.h; sourceTree = "<group>"; };
		AFD89FEE1769C239005E3693 /* TMTumblrActivity.h */ = {isa = PBXFileReference; fileEncoding = 4; lastKnownFileType = sourcecode.c.h; path = TMTumblrActivity.h; sourceTree = "<group>"; };
		AFD89FEF1769C239005E3693 /* TMTumblrAppClient.h */ = {isa = PBXFileReference; fileEncoding = 4; lastKnownFileType = sourcecode.c.h; path = TMTumblrAppClient.h; sourceTree = "<group>"; };
		AFD89FF01769C239005E3693 /* TMTumblrAuthenticator.h */ = {isa = PBXFileReference; fileEncoding = 4; lastKnownFileType = sourcecode.c.h; path = TMTumblrAuthenticator.h; sourceTree = "<group>"; };
		AFD89FF31769C239005E3693 /* JXHTTP.h */ = {isa = PBXFileReference; fileEncoding = 4; lastKnownFileType = sourcecode.c.h; path = JXHTTP.h; sourceTree = "<group>"; };
		AFD89FF41769C239005E3693 /* JXHTTPDataBody.h */ = {isa = PBXFileReference; fileEncoding = 4; lastKnownFileType = sourcecode.c.h; path = JXHTTPDataBody.h; sourceTree = "<group>"; };
		AFD89FF51769C239005E3693 /* JXHTTPDataBody.m */ = {isa = PBXFileReference; fileEncoding = 4; lastKnownFileType = sourcecode.c.objc; path = JXHTTPDataBody.m; sourceTree = "<group>"; };
		AFD89FF61769C239005E3693 /* JXHTTPFileBody.h */ = {isa = PBXFileReference; fileEncoding = 4; lastKnownFileType = sourcecode.c.h; path = JXHTTPFileBody.h; sourceTree = "<group>"; };
		AFD89FF71769C239005E3693 /* JXHTTPFileBody.m */ = {isa = PBXFileReference; fileEncoding = 4; lastKnownFileType = sourcecode.c.objc; path = JXHTTPFileBody.m; sourceTree = "<group>"; };
		AFD89FF81769C239005E3693 /* JXHTTPFormEncodedBody.h */ = {isa = PBXFileReference; fileEncoding = 4; lastKnownFileType = sourcecode.c.h; path = JXHTTPFormEncodedBody.h; sourceTree = "<group>"; };
		AFD89FF91769C239005E3693 /* JXHTTPFormEncodedBody.m */ = {isa = PBXFileReference; fileEncoding = 4; lastKnownFileType = sourcecode.c.objc; path = JXHTTPFormEncodedBody.m; sourceTree = "<group>"; };
		AFD89FFA1769C239005E3693 /* JXHTTPJSONBody.h */ = {isa = PBXFileReference; fileEncoding = 4; lastKnownFileType = sourcecode.c.h; path = JXHTTPJSONBody.h; sourceTree = "<group>"; };
		AFD89FFB1769C239005E3693 /* JXHTTPJSONBody.m */ = {isa = PBXFileReference; fileEncoding = 4; lastKnownFileType = sourcecode.c.objc; path = JXHTTPJSONBody.m; sourceTree = "<group>"; };
		AFD89FFC1769C239005E3693 /* JXHTTPMultipartBody.h */ = {isa = PBXFileReference; fileEncoding = 4; lastKnownFileType = sourcecode.c.h; path = JXHTTPMultipartBody.h; sourceTree = "<group>"; };
		AFD89FFD1769C239005E3693 /* JXHTTPMultipartBody.m */ = {isa = PBXFileReference; fileEncoding = 4; lastKnownFileType = sourcecode.c.objc; path = JXHTTPMultipartBody.m; sourceTree = "<group>"; };
		AFD89FFE1769C239005E3693 /* JXHTTPOperation+Convenience.h */ = {isa = PBXFileReference; fileEncoding = 4; lastKnownFileType = sourcecode.c.h; path = "JXHTTPOperation+Convenience.h"; sourceTree = "<group>"; };
		AFD89FFF1769C239005E3693 /* JXHTTPOperation+Convenience.m */ = {isa = PBXFileReference; fileEncoding = 4; lastKnownFileType = sourcecode.c.objc; path = "JXHTTPOperation+Convenience.m"; sourceTree = "<group>"; };
		AFD8A0001769C239005E3693 /* JXHTTPOperation.h */ = {isa = PBXFileReference; fileEncoding = 4; lastKnownFileType = sourcecode.c.h; path = JXHTTPOperation.h; sourceTree = "<group>"; };
		AFD8A0011769C239005E3693 /* JXHTTPOperation.m */ = {isa = PBXFileReference; fileEncoding = 4; lastKnownFileType = sourcecode.c.objc; path = JXHTTPOperation.m; sourceTree = "<group>"; };
		AFD8A0021769C239005E3693 /* JXHTTPOperationDelegate.h */ = {isa = PBXFileReference; fileEncoding = 4; lastKnownFileType = sourcecode.c.h; path = JXHTTPOperationDelegate.h; sourceTree = "<group>"; };
		AFD8A0031769C239005E3693 /* JXHTTPOperationQueue.h */ = {isa = PBXFileReference; fileEncoding = 4; lastKnownFileType = sourcecode.c.h; path = JXHTTPOperationQueue.h; sourceTree = "<group>"; };
		AFD8A0041769C239005E3693 /* JXHTTPOperationQueue.m */ = {isa = PBXFileReference; fileEncoding = 4; lastKnownFileType = sourcecode.c.objc; path = JXHTTPOperationQueue.m; sourceTree = "<group>"; };
		AFD8A0051769C239005E3693 /* JXHTTPOperationQueueDelegate.h */ = {isa = PBXFileReference; fileEncoding = 4; lastKnownFileType = sourcecode.c.h; path = JXHTTPOperationQueueDelegate.h; sourceTree = "<group>"; };
		AFD8A0061769C239005E3693 /* JXHTTPRequestBody.h */ = {isa = PBXFileReference; fileEncoding = 4; lastKnownFileType = sourcecode.c.h; path = JXHTTPRequestBody.h; sourceTree = "<group>"; };
		AFD8A0071769C239005E3693 /* JXOperation.h */ = {isa = PBXFileReference; fileEncoding = 4; lastKnownFileType = sourcecode.c.h; path = JXOperation.h; sourceTree = "<group>"; };
		AFD8A0081769C239005E3693 /* JXOperation.m */ = {isa = PBXFileReference; fileEncoding = 4; lastKnownFileType = sourcecode.c.objc; path = JXOperation.m; sourceTree = "<group>"; };
		AFD8A0091769C239005E3693 /* JXURLConnectionOperation.h */ = {isa = PBXFileReference; fileEncoding = 4; lastKnownFileType = sourcecode.c.h; path = JXURLConnectionOperation.h; sourceTree = "<group>"; };
		AFD8A00A1769C239005E3693 /* JXURLConnectionOperation.m */ = {isa = PBXFileReference; fileEncoding = 4; lastKnownFileType = sourcecode.c.objc; path = JXURLConnectionOperation.m; sourceTree = "<group>"; };
		AFD8A00B1769C239005E3693 /* JXURLEncoding.h */ = {isa = PBXFileReference; fileEncoding = 4; lastKnownFileType = sourcecode.c.h; path = JXURLEncoding.h; sourceTree = "<group>"; };
		AFD8A00C1769C239005E3693 /* JXURLEncoding.m */ = {isa = PBXFileReference; fileEncoding = 4; lastKnownFileType = sourcecode.c.objc; path = JXURLEncoding.m; sourceTree = "<group>"; };
		AFD8A00D1769C239005E3693 /* LICENSE.txt */ = {isa = PBXFileReference; fileEncoding = 4; lastKnownFileType = text; path = LICENSE.txt; sourceTree = "<group>"; };
		AFD8A00E1769C239005E3693 /* README.md */ = {isa = PBXFileReference; fileEncoding = 4; lastKnownFileType = text; path = README.md; sourceTree = "<group>"; };
		AFD8A0101769C239005E3693 /* NSData+Base64.h */ = {isa = PBXFileReference; fileEncoding = 4; lastKnownFileType = sourcecode.c.h; path = "NSData+Base64.h"; sourceTree = "<group>"; };
		AFD8A0111769C239005E3693 /* NSData+Base64.m */ = {isa = PBXFileReference; fileEncoding = 4; lastKnownFileType = sourcecode.c.objc; path = "NSData+Base64.m"; sourceTree = "<group>"; };
		AFD8A0131769C239005E3693 /* LICENSE */ = {isa = PBXFileReference; fileEncoding = 4; lastKnownFileType = text; path = LICENSE; sourceTree = "<group>"; };
		AFD8A0141769C239005E3693 /* README.md */ = {isa = PBXFileReference; fileEncoding = 4; lastKnownFileType = text; path = README.md; sourceTree = "<group>"; };
		AFD8A0171769C239005E3693 /* TMTumblrActivity.h */ = {isa = PBXFileReference; fileEncoding = 4; lastKnownFileType = sourcecode.c.h; path = TMTumblrActivity.h; sourceTree = "<group>"; };
		AFD8A0181769C239005E3693 /* TMTumblrActivity.m */ = {isa = PBXFileReference; fileEncoding = 4; lastKnownFileType = sourcecode.c.objc; path = TMTumblrActivity.m; sourceTree = "<group>"; };
		AFD8A0191769C239005E3693 /* UIActivityTumblr.png */ = {isa = PBXFileReference; lastKnownFileType = image.png; path = UIActivityTumblr.png; sourceTree = "<group>"; };
		AFD8A01A1769C239005E3693 /* UIActivityTumblr@2x.png */ = {isa = PBXFileReference; lastKnownFileType = image.png; path = "UIActivityTumblr@2x.png"; sourceTree = "<group>"; };
		AFD8A01B1769C239005E3693 /* UIActivityTumblr@2x~ipad.png */ = {isa = PBXFileReference; lastKnownFileType = image.png; path = "UIActivityTumblr@2x~ipad.png"; sourceTree = "<group>"; };
		AFD8A01C1769C239005E3693 /* UIActivityTumblr~ipad.png */ = {isa = PBXFileReference; lastKnownFileType = image.png; path = "UIActivityTumblr~ipad.png"; sourceTree = "<group>"; };
		AFD8A01E1769C239005E3693 /* TMAPIClient.h */ = {isa = PBXFileReference; fileEncoding = 4; lastKnownFileType = sourcecode.c.h; path = TMAPIClient.h; sourceTree = "<group>"; };
		AFD8A01F1769C239005E3693 /* TMAPIClient.m */ = {isa = PBXFileReference; fileEncoding = 4; lastKnownFileType = sourcecode.c.objc; path = TMAPIClient.m; sourceTree = "<group>"; };
		AFD8A0211769C239005E3693 /* TMTumblrAppClient.h */ = {isa = PBXFileReference; fileEncoding = 4; lastKnownFileType = sourcecode.c.h; path = TMTumblrAppClient.h; sourceTree = "<group>"; };
		AFD8A0221769C239005E3693 /* TMTumblrAppClient.m */ = {isa = PBXFileReference; fileEncoding = 4; lastKnownFileType = sourcecode.c.objc; path = TMTumblrAppClient.m; sourceTree = "<group>"; };
		AFD8A0241769C239005E3693 /* TMOAuth.h */ = {isa = PBXFileReference; fileEncoding = 4; lastKnownFileType = sourcecode.c.h; path = TMOAuth.h; sourceTree = "<group>"; };
		AFD8A0251769C239005E3693 /* TMOAuth.m */ = {isa = PBXFileReference; fileEncoding = 4; lastKnownFileType = sourcecode.c.objc; path = TMOAuth.m; sourceTree = "<group>"; };
		AFD8A0261769C239005E3693 /* TMTumblrAuthenticator.h */ = {isa = PBXFileReference; fileEncoding = 4; lastKnownFileType = sourcecode.c.h; path = TMTumblrAuthenticator.h; sourceTree = "<group>"; };
		AFD8A0271769C239005E3693 /* TMTumblrAuthenticator.m */ = {isa = PBXFileReference; fileEncoding = 4; lastKnownFileType = sourcecode.c.objc; path = TMTumblrAuthenticator.m; sourceTree = "<group>"; };
		AFD8A0291769C239005E3693 /* TMSDKFunctions.h */ = {isa = PBXFileReference; fileEncoding = 4; lastKnownFileType = sourcecode.c.h; path = TMSDKFunctions.h; sourceTree = "<group>"; };
		AFD8A02A1769C239005E3693 /* TMSDKFunctions.m */ = {isa = PBXFileReference; fileEncoding = 4; lastKnownFileType = sourcecode.c.objc; path = TMSDKFunctions.m; sourceTree = "<group>"; };
		AFD8A0451769FB4F005E3693 /* play_ico.png */ = {isa = PBXFileReference; lastKnownFileType = image.png; path = play_ico.png; sourceTree = "<group>"; };
		AFD8A047176A0119005E3693 /* SinglePostViewController.h */ = {isa = PBXFileReference; fileEncoding = 4; lastKnownFileType = sourcecode.c.h; path = SinglePostViewController.h; sourceTree = "<group>"; };
		AFD8A048176A0119005E3693 /* SinglePostViewController.m */ = {isa = PBXFileReference; fileEncoding = 4; lastKnownFileType = sourcecode.c.objc; path = SinglePostViewController.m; sourceTree = "<group>"; };
		AFFD3B7617366D1500FC7E82 /* DataViewController.h */ = {isa = PBXFileReference; fileEncoding = 4; lastKnownFileType = sourcecode.c.h; path = DataViewController.h; sourceTree = "<group>"; };
		AFFD3B7717366D1500FC7E82 /* DataViewController.m */ = {isa = PBXFileReference; fileEncoding = 4; indentWidth = 5; lastKnownFileType = sourcecode.c.objc; path = DataViewController.m; sourceTree = "<group>"; tabWidth = 5; usesTabs = 1; };
		AFFD3B7817366D1500FC7E82 /* ModelController.h */ = {isa = PBXFileReference; fileEncoding = 4; lastKnownFileType = sourcecode.c.h; path = ModelController.h; sourceTree = "<group>"; };
		AFFD3B7917366D1500FC7E82 /* ModelController.m */ = {isa = PBXFileReference; fileEncoding = 4; lastKnownFileType = sourcecode.c.objc; path = ModelController.m; sourceTree = "<group>"; };
		AFFD3B7A17366D1500FC7E82 /* RootViewController.h */ = {isa = PBXFileReference; fileEncoding = 4; lastKnownFileType = sourcecode.c.h; path = RootViewController.h; sourceTree = "<group>"; };
		AFFD3B7B17366D1500FC7E82 /* RootViewController.m */ = {isa = PBXFileReference; fileEncoding = 4; indentWidth = 5; lastKnownFileType = sourcecode.c.objc; path = RootViewController.m; sourceTree = "<group>"; tabWidth = 5; usesTabs = 1; };
/* End PBXFileReference section */

/* Begin PBXFrameworksBuildPhase section */
		A1FAD6FB171EA7BC0095EC7E /* Frameworks */ = {
			isa = PBXFrameworksBuildPhase;
			buildActionMask = 2147483647;
			files = (
				A16C4FC61769A95F0049745B /* Social.framework in Frameworks */,
				8BE37D77176696C30025B178 /* CoreMedia.framework in Frameworks */,
				3FBE3CBF17620D56000386D4 /* libxml2.dylib in Frameworks */,
				3FBE3CBB17620C89000386D4 /* Security.framework in Frameworks */,
				3F7D7BDE175C9341002E552B /* AVFoundation.framework in Frameworks */,
				AF44E110173EB4080088908D /* SystemConfiguration.framework in Frameworks */,
				AF44E108173E642E0088908D /* MediaPlayer.framework in Frameworks */,
				A1FAD702171EA7BC0095EC7E /* UIKit.framework in Frameworks */,
				A1FAD704171EA7BC0095EC7E /* Foundation.framework in Frameworks */,
				A1FAD706171EA7BC0095EC7E /* CoreGraphics.framework in Frameworks */,
			);
			runOnlyForDeploymentPostprocessing = 0;
		};
		A1FAD723171EA7BC0095EC7E /* Frameworks */ = {
			isa = PBXFrameworksBuildPhase;
			buildActionMask = 2147483647;
			files = (
				A1FAD729171EA7BC0095EC7E /* SenTestingKit.framework in Frameworks */,
				A1FAD72A171EA7BC0095EC7E /* UIKit.framework in Frameworks */,
				A1FAD72B171EA7BC0095EC7E /* Foundation.framework in Frameworks */,
			);
			runOnlyForDeploymentPostprocessing = 0;
		};
/* End PBXFrameworksBuildPhase section */

/* Begin PBXGroup section */
		A1407F5A1766054300B9FFED /* Fonts */ = {
			isa = PBXGroup;
			children = (
				A1407F5B1766056C00B9FFED /* Brandon_bld_it.ttf */,
				A1407F421766053D00B9FFED /* brandon_bld.ttf */,
				A1407F431766053D00B9FFED /* brandon_blk_it.ttf */,
				A1407F441766053D00B9FFED /* brandon_blk.ttf */,
				A1407F451766053D00B9FFED /* brandon_light_it.ttf */,
				A1407F461766053D00B9FFED /* brandon_light.ttf */,
				A1407F471766053D00B9FFED /* brandon_med_it.ttf */,
				A1407F481766053D00B9FFED /* brandon_med.ttf */,
				A1407F491766053D00B9FFED /* brandon_re.ttf */,
				A1407F4A1766053D00B9FFED /* brandon_reg_it.ttf */,
				A1407F4B1766053D00B9FFED /* brandon_reg.ttf */,
				A1407F4C1766053D00B9FFED /* brandon_thin_it.ttf */,
				A1407F4D1766053D00B9FFED /* brandon_thin.ttf */,
			);
			name = Fonts;
			sourceTree = "<group>";
		};
		A1FAD6F5171EA7BC0095EC7E = {
			isa = PBXGroup;
			children = (
				A16C4FC51769A95F0049745B /* Social.framework */,
				A1FAD707171EA7BC0095EC7E /* ShufflerTumblr */,
				A1FAD72E171EA7BC0095EC7E /* ShufflerTumblrTests */,
				A1FAD700171EA7BC0095EC7E /* Frameworks */,
				A1FAD6FF171EA7BC0095EC7E /* Products */,
			);
			sourceTree = "<group>";
		};
		A1FAD6FF171EA7BC0095EC7E /* Products */ = {
			isa = PBXGroup;
			children = (
				A1FAD6FE171EA7BC0095EC7E /* ShufflerTumblr.app */,
				A1FAD727171EA7BC0095EC7E /* ShufflerTumblrTests.octest */,
			);
			name = Products;
			sourceTree = "<group>";
		};
		A1FAD700171EA7BC0095EC7E /* Frameworks */ = {
			isa = PBXGroup;
			children = (
				AFD89FD61769C239005E3693 /* TumblrSDK.framework */,
				8BE37D76176696C30025B178 /* CoreMedia.framework */,
				3FBE3CBE17620D56000386D4 /* libxml2.dylib */,
				AF44E10F173EB4080088908D /* SystemConfiguration.framework */,
				AF44E107173E642E0088908D /* MediaPlayer.framework */,
				8BC2E3921737B12700521124 /* AVFoundation.framework */,
				A1FAD701171EA7BC0095EC7E /* UIKit.framework */,
				A1FAD703171EA7BC0095EC7E /* Foundation.framework */,
				A1FAD705171EA7BC0095EC7E /* CoreGraphics.framework */,
				A1FAD728171EA7BC0095EC7E /* SenTestingKit.framework */,
			);
			name = Frameworks;
			sourceTree = "<group>";
		};
		A1FAD707171EA7BC0095EC7E /* ShufflerTumblr */ = {
			isa = PBXGroup;
			children = (
				AF72CB5F1757AEBF0035CE53 /* Handler */,
				AF1F827617354E8A0001C15E /* ViewControllers */,
				7F51BE81172473C300AF3F04 /* Blog.h */,
				7F51BE82172473C300AF3F04 /* Blog.m */,
				6D01E8781758BDF3000884FB /* FavouriteBlog.h */,
				6D01E8791758BDF3000884FB /* FavouriteBlog.m */,
				AF1F827917354F250001C15E /* Interface */,
				AF1F827717354EC40001C15E /* Model */,
				A1FAD708171EA7BC0095EC7E /* Supporting Files */,
			);
			path = ShufflerTumblr;
			sourceTree = "<group>";
		};
		A1FAD708171EA7BC0095EC7E /* Supporting Files */ = {
			isa = PBXGroup;
			children = (
				A1FAD710171EA7BC0095EC7E /* AppDelegate.h */,
				A1FAD711171EA7BC0095EC7E /* AppDelegate.m */,
				3F7EA92F1765F946008DA0CD /* keys.h */,
				A1407F5A1766054300B9FFED /* Fonts */,
				AF1F827817354ED60001C15E /* images */,
				A1FAD709171EA7BC0095EC7E /* ShufflerTumblr-Info.plist */,
				A1FAD70A171EA7BC0095EC7E /* InfoPlist.strings */,
				A1FAD70D171EA7BC0095EC7E /* main.m */,
				3F33F7191765CDE700C19694 /* oauthAutoConfig.plist */,
				A1FAD70F171EA7BC0095EC7E /* ShufflerTumblr-Prefix.pch */,
			);
			name = "Supporting Files";
			sourceTree = "<group>";
		};
		A1FAD72E171EA7BC0095EC7E /* ShufflerTumblrTests */ = {
			isa = PBXGroup;
			children = (
				3FBE3CBA17620C89000386D4 /* Security.framework */,
				A1FAD734171EA7BC0095EC7E /* ShufflerTumblrTests.h */,
				A1FAD735171EA7BC0095EC7E /* ShufflerTumblrTests.m */,
				A1FAD72F171EA7BC0095EC7E /* Supporting Files */,
			);
			path = ShufflerTumblrTests;
			sourceTree = "<group>";
		};
		A1FAD72F171EA7BC0095EC7E /* Supporting Files */ = {
			isa = PBXGroup;
			children = (
				A1FAD730171EA7BC0095EC7E /* ShufflerTumblrTests-Info.plist */,
				A1FAD731171EA7BC0095EC7E /* InfoPlist.strings */,
			);
			name = "Supporting Files";
			sourceTree = "<group>";
		};
		AF1B80BD17427C5F001588BE /* PostControllers */ = {
			isa = PBXGroup;
			children = (
				AFD8A047176A0119005E3693 /* SinglePostViewController.h */,
				AFD8A048176A0119005E3693 /* SinglePostViewController.m */,
				AFFD3B7A17366D1500FC7E82 /* RootViewController.h */,
				AFFD3B7B17366D1500FC7E82 /* RootViewController.m */,
				AFFD3B7617366D1500FC7E82 /* DataViewController.h */,
				AFFD3B7717366D1500FC7E82 /* DataViewController.m */,
				AFFD3B7817366D1500FC7E82 /* ModelController.h */,
				AFFD3B7917366D1500FC7E82 /* ModelController.m */,
				8B9BDFFE17452E5D008B3500 /* postgetter.h */,
				8B9BDFFF174570FB008B3500 /* bloggetter.h */,
				8BE37D7817669ED20025B178 /* NextPostLoader.h */,
			);
			name = PostControllers;
			sourceTree = "<group>";
		};
		AF1F827617354E8A0001C15E /* ViewControllers */ = {
			isa = PBXGroup;
			children = (
				AF7546381751FFF300DEDA96 /* TabBarViewControllers */,
				AF1B80BD17427C5F001588BE /* PostControllers */,
				AF44E109173E9B820088908D /* MenuViewController.h */,
				AF44E10A173E9B820088908D /* MenuViewController.m */,
				A187A3551727D83900AF4F82 /* LoginViewController.h */,
				A187A3561727D83900AF4F82 /* LoginViewController.m */,
			);
			name = ViewControllers;
			sourceTree = "<group>";
		};
		AF1F827717354EC40001C15E /* Model */ = {
			isa = PBXGroup;
			children = (
				AFCFE94F1754D1A500F71EC1 /* User.h */,
				AFCFE9501754D1A500F71EC1 /* User.m */,
				AF44E10C173E9C830088908D /* Reachability.h */,
				AF44E10D173E9C830088908D /* Reachability.m */,
				7F9BA4C71727D1D600F26F2C /* Post.h */,
				7F9BA4CA1727E66600F26F2C /* Video.h */,
				7F9BA4CB1727E66600F26F2C /* Video.m */,
				AFBFABA9174E3ED60043EA3F /* YoutubeURLGetter.h */,
				AFBFABAA174E3ED60043EA3F /* YoutubeURLGetter.m */,
				7F9BA4CD1727E6E500F26F2C /* Audio.h */,
				7F9BA4CE1727E6E500F26F2C /* Audio.m */,
				7FA53F85172E97DE00F0AFA5 /* Info.h */,
				7FA53F88172E98E700F0AFA5 /* BlogInfo.h */,
				7FA53F89172E98E700F0AFA5 /* BlogInfo.m */,
				7FDC45691757AC640065FA9F /* Favourites.h */,
				7FDC456A1757AC640065FA9F /* Favourites.m */,
			);
			name = Model;
			sourceTree = "<group>";
		};
		AF1F827817354ED60001C15E /* images */ = {
			isa = PBXGroup;
			children = (
				AFD8A0451769FB4F005E3693 /* play_ico.png */,
				AFD89FCC17686E19005E3693 /* favoritebutton.png */,
				AFD89FCD17686E19005E3693 /* Navigationbar1.png */,
				AFD89FCE17686E19005E3693 /* optionsbalk.png */,
				AFD89FCF17686E19005E3693 /* plusbutton.png */,
				AFD89FD017686E19005E3693 /* shuffler logo.jpg */,
				A1407F7017660D7200B9FFED /* Navigationbar3.png */,
				A1407F6E17660D1200B9FFED /* Navigationbar2.png */,
				A1407F6A1766094C00B9FFED /* navigationbar.png */,
				AF967FA117646B8300CED5E1 /* topbar_nowplaying.png */,
				AF967FA31764750600CED5E1 /* discover_ico.png */,
				AF7546311751FDC000DEDA96 /* followed_ico.png */,
				AF7546331751FF0B00DEDA96 /* my_blogs_ico.png */,
				AF7546291751F95800DEDA96 /* home_ico.png */,
				AF0FB951174BB90500F015EC /* !selectedbuttonbar.png */,
				AF0FB952174BB90500F015EC /* !selectedbuttonbarend.png */,
				AF0FB953174BB90500F015EC /* backgroundbar.png */,
				AF0FB954174BB90500F015EC /* blackbackground.png */,
				AF0FB955174BB90500F015EC /* buttonachtergrond.png */,
				AF0FB956174BB90500F015EC /* buttonshuffler.png */,
				AF0FB957174BB90500F015EC /* Loginbuttno.png */,
				AF0FB958174BB90500F015EC /* sendbutton.png */,
				AF0FB959174BB90500F015EC /* Shufflerbackground.png */,
				AF0FB95A174BB90500F015EC /* DashboardFeed.png */,
				AF0FB95B174BB90500F015EC /* exitbutton.png */,
				AF0FB95C174BB90500F015EC /* favouritebutton.png */,
				AF0FB95D174BB90500F015EC /* Followed.png */,
				AF0FB95E174BB90500F015EC /* Image_9.png */,
				AF0FB95F174BB90500F015EC /* Login.png */,
				AF0FB960174BB90500F015EC /* MyBlogs.png */,
				AF0FB961174BB90500F015EC /* shuffler logo.jpg */,
				AF0FB962174BB90500F015EC /* shuffler logo.png */,
				AF0FB963174BB90500F015EC /* Starred.png */,
				A1FAD713171EA7BC0095EC7E /* Default.png */,
				A1FAD715171EA7BC0095EC7E /* Default@2x.png */,
				A1FAD717171EA7BC0095EC7E /* Default-568h@2x.png */,
			);
			name = images;
			sourceTree = "<group>";
		};
		AF1F827917354F250001C15E /* Interface */ = {
			isa = PBXGroup;
			children = (
				A1FAD719171EA7BC0095EC7E /* MainStoryboard.storyboard */,
			);
			name = Interface;
			sourceTree = "<group>";
		};
		AF72CB5F1757AEBF0035CE53 /* Handler */ = {
			isa = PBXGroup;
			children = (
				AF72CB601757AEE30035CE53 /* DataPostHandler.h */,
				AF72CB611757AEE30035CE53 /* DataPostHandler.m */,
			);
			name = Handler;
			sourceTree = "<group>";
		};
		AF7546381751FFF300DEDA96 /* TabBarViewControllers */ = {
			isa = PBXGroup;
			children = (
				AF7546351751FFE400DEDA96 /* DashBoardViewController.h */,
				AF7546361751FFE400DEDA96 /* DashBoardViewController.m */,
				AF4AFB13176636E00034B881 /* DiscoverViewController.h */,
				AF4AFB14176636E00034B881 /* DiscoverViewController.m */,
				AF7546391752003500DEDA96 /* FollowedViewController.h */,
				AF75463A1752003500DEDA96 /* FollowedViewController.m */,
				AF75463C1752005100DEDA96 /* FavoriteViewController.h */,
				AF75463D1752005100DEDA96 /* FavoriteViewController.m */,
				AF75463F1752005F00DEDA96 /* MyBlogsViewController.h */,
				AF7546401752005F00DEDA96 /* MyBlogsViewController.m */,
			);
			name = TabBarViewControllers;
			sourceTree = "<group>";
		};
		AFD89FD61769C239005E3693 /* TumblrSDK.framework */ = {
			isa = PBXGroup;
			children = (
				AFD89FD71769C239005E3693 /* Headers */,
				AFD89FF11769C239005E3693 /* JXHTTP */,
				AFD8A00F1769C239005E3693 /* NSData+Base64 */,
				AFD8A0121769C239005E3693 /* TMTumblrSDK */,
			);
			name = TumblrSDK.framework;
			path = TumblrSDK;
			sourceTree = "<group>";
		};
		AFD89FD71769C239005E3693 /* Headers */ = {
			isa = PBXGroup;
			children = (
				AFD89FD81769C239005E3693 /* JXHTTP */,
				AFD89FE81769C239005E3693 /* NSData+Base64 */,
				AFD89FEA1769C239005E3693 /* TMTumblrSDK */,
			);
			path = Headers;
			sourceTree = "<group>";
		};
		AFD89FD81769C239005E3693 /* JXHTTP */ = {
			isa = PBXGroup;
			children = (
				AFD89FD91769C239005E3693 /* JXHTTP.h */,
				AFD89FDA1769C239005E3693 /* JXHTTPDataBody.h */,
				AFD89FDB1769C239005E3693 /* JXHTTPFileBody.h */,
				AFD89FDC1769C239005E3693 /* JXHTTPFormEncodedBody.h */,
				AFD89FDD1769C239005E3693 /* JXHTTPJSONBody.h */,
				AFD89FDE1769C239005E3693 /* JXHTTPMultipartBody.h */,
				AFD89FDF1769C239005E3693 /* JXHTTPOperation+Convenience.h */,
				AFD89FE01769C239005E3693 /* JXHTTPOperation.h */,
				AFD89FE11769C239005E3693 /* JXHTTPOperationDelegate.h */,
				AFD89FE21769C239005E3693 /* JXHTTPOperationQueue.h */,
				AFD89FE31769C239005E3693 /* JXHTTPOperationQueueDelegate.h */,
				AFD89FE41769C239005E3693 /* JXHTTPRequestBody.h */,
				AFD89FE51769C239005E3693 /* JXOperation.h */,
				AFD89FE61769C239005E3693 /* JXURLConnectionOperation.h */,
				AFD89FE71769C239005E3693 /* JXURLEncoding.h */,
			);
			path = JXHTTP;
			sourceTree = "<group>";
		};
		AFD89FE81769C239005E3693 /* NSData+Base64 */ = {
			isa = PBXGroup;
			children = (
				AFD89FE91769C239005E3693 /* NSData+Base64.h */,
			);
			path = "NSData+Base64";
			sourceTree = "<group>";
		};
		AFD89FEA1769C239005E3693 /* TMTumblrSDK */ = {
			isa = PBXGroup;
			children = (
				AFD89FEB1769C239005E3693 /* TMAPIClient.h */,
				AFD89FEC1769C239005E3693 /* TMOAuth.h */,
				AFD89FED1769C239005E3693 /* TMSDKFunctions.h */,
				AFD89FEE1769C239005E3693 /* TMTumblrActivity.h */,
				AFD89FEF1769C239005E3693 /* TMTumblrAppClient.h */,
				AFD89FF01769C239005E3693 /* TMTumblrAuthenticator.h */,
			);
			path = TMTumblrSDK;
			sourceTree = "<group>";
		};
		AFD89FF11769C239005E3693 /* JXHTTP */ = {
			isa = PBXGroup;
			children = (
				AFD89FF21769C239005E3693 /* JXHTTP */,
				AFD8A00D1769C239005E3693 /* LICENSE.txt */,
				AFD8A00E1769C239005E3693 /* README.md */,
			);
			path = JXHTTP;
			sourceTree = "<group>";
		};
		AFD89FF21769C239005E3693 /* JXHTTP */ = {
			isa = PBXGroup;
			children = (
				AFD89FF31769C239005E3693 /* JXHTTP.h */,
				AFD89FF41769C239005E3693 /* JXHTTPDataBody.h */,
				AFD89FF51769C239005E3693 /* JXHTTPDataBody.m */,
				AFD89FF61769C239005E3693 /* JXHTTPFileBody.h */,
				AFD89FF71769C239005E3693 /* JXHTTPFileBody.m */,
				AFD89FF81769C239005E3693 /* JXHTTPFormEncodedBody.h */,
				AFD89FF91769C239005E3693 /* JXHTTPFormEncodedBody.m */,
				AFD89FFA1769C239005E3693 /* JXHTTPJSONBody.h */,
				AFD89FFB1769C239005E3693 /* JXHTTPJSONBody.m */,
				AFD89FFC1769C239005E3693 /* JXHTTPMultipartBody.h */,
				AFD89FFD1769C239005E3693 /* JXHTTPMultipartBody.m */,
				AFD89FFE1769C239005E3693 /* JXHTTPOperation+Convenience.h */,
				AFD89FFF1769C239005E3693 /* JXHTTPOperation+Convenience.m */,
				AFD8A0001769C239005E3693 /* JXHTTPOperation.h */,
				AFD8A0011769C239005E3693 /* JXHTTPOperation.m */,
				AFD8A0021769C239005E3693 /* JXHTTPOperationDelegate.h */,
				AFD8A0031769C239005E3693 /* JXHTTPOperationQueue.h */,
				AFD8A0041769C239005E3693 /* JXHTTPOperationQueue.m */,
				AFD8A0051769C239005E3693 /* JXHTTPOperationQueueDelegate.h */,
				AFD8A0061769C239005E3693 /* JXHTTPRequestBody.h */,
				AFD8A0071769C239005E3693 /* JXOperation.h */,
				AFD8A0081769C239005E3693 /* JXOperation.m */,
				AFD8A0091769C239005E3693 /* JXURLConnectionOperation.h */,
				AFD8A00A1769C239005E3693 /* JXURLConnectionOperation.m */,
				AFD8A00B1769C239005E3693 /* JXURLEncoding.h */,
				AFD8A00C1769C239005E3693 /* JXURLEncoding.m */,
			);
			path = JXHTTP;
			sourceTree = "<group>";
		};
		AFD8A00F1769C239005E3693 /* NSData+Base64 */ = {
			isa = PBXGroup;
			children = (
				AFD8A0101769C239005E3693 /* NSData+Base64.h */,
				AFD8A0111769C239005E3693 /* NSData+Base64.m */,
			);
			path = "NSData+Base64";
			sourceTree = "<group>";
		};
		AFD8A0121769C239005E3693 /* TMTumblrSDK */ = {
			isa = PBXGroup;
			children = (
				AFD8A0131769C239005E3693 /* LICENSE */,
				AFD8A0141769C239005E3693 /* README.md */,
				AFD8A0151769C239005E3693 /* TMTumblrSDK */,
			);
			path = TMTumblrSDK;
			sourceTree = "<group>";
		};
		AFD8A0151769C239005E3693 /* TMTumblrSDK */ = {
			isa = PBXGroup;
			children = (
				AFD8A0161769C239005E3693 /* Activity */,
				AFD8A01D1769C239005E3693 /* APIClient */,
				AFD8A0201769C239005E3693 /* AppClient */,
				AFD8A0231769C239005E3693 /* Authentication */,
				AFD8A0281769C239005E3693 /* Core */,
			);
			path = TMTumblrSDK;
			sourceTree = "<group>";
		};
		AFD8A0161769C239005E3693 /* Activity */ = {
			isa = PBXGroup;
			children = (
				AFD8A0171769C239005E3693 /* TMTumblrActivity.h */,
				AFD8A0181769C239005E3693 /* TMTumblrActivity.m */,
				AFD8A0191769C239005E3693 /* UIActivityTumblr.png */,
				AFD8A01A1769C239005E3693 /* UIActivityTumblr@2x.png */,
				AFD8A01B1769C239005E3693 /* UIActivityTumblr@2x~ipad.png */,
				AFD8A01C1769C239005E3693 /* UIActivityTumblr~ipad.png */,
			);
			path = Activity;
			sourceTree = "<group>";
		};
		AFD8A01D1769C239005E3693 /* APIClient */ = {
			isa = PBXGroup;
			children = (
				AFD8A01E1769C239005E3693 /* TMAPIClient.h */,
				AFD8A01F1769C239005E3693 /* TMAPIClient.m */,
			);
			path = APIClient;
			sourceTree = "<group>";
		};
		AFD8A0201769C239005E3693 /* AppClient */ = {
			isa = PBXGroup;
			children = (
				AFD8A0211769C239005E3693 /* TMTumblrAppClient.h */,
				AFD8A0221769C239005E3693 /* TMTumblrAppClient.m */,
			);
			path = AppClient;
			sourceTree = "<group>";
		};
		AFD8A0231769C239005E3693 /* Authentication */ = {
			isa = PBXGroup;
			children = (
				AFD8A0241769C239005E3693 /* TMOAuth.h */,
				AFD8A0251769C239005E3693 /* TMOAuth.m */,
				AFD8A0261769C239005E3693 /* TMTumblrAuthenticator.h */,
				AFD8A0271769C239005E3693 /* TMTumblrAuthenticator.m */,
			);
			path = Authentication;
			sourceTree = "<group>";
		};
		AFD8A0281769C239005E3693 /* Core */ = {
			isa = PBXGroup;
			children = (
				AFD8A0291769C239005E3693 /* TMSDKFunctions.h */,
				AFD8A02A1769C239005E3693 /* TMSDKFunctions.m */,
			);
			path = Core;
			sourceTree = "<group>";
		};
/* End PBXGroup section */

/* Begin PBXNativeTarget section */
		A1FAD6FD171EA7BC0095EC7E /* ShufflerTumblr */ = {
			isa = PBXNativeTarget;
			buildConfigurationList = A1FAD739171EA7BC0095EC7E /* Build configuration list for PBXNativeTarget "ShufflerTumblr" */;
			buildPhases = (
				A1FAD6FA171EA7BC0095EC7E /* Sources */,
				A1FAD6FB171EA7BC0095EC7E /* Frameworks */,
				A1FAD6FC171EA7BC0095EC7E /* Resources */,
				3F7D7BE1175C939D002E552B /* CopyFiles */,
			);
			buildRules = (
			);
			dependencies = (
			);
			name = ShufflerTumblr;
			productName = ShufflerTumblr;
			productReference = A1FAD6FE171EA7BC0095EC7E /* ShufflerTumblr.app */;
			productType = "com.apple.product-type.application";
		};
		A1FAD726171EA7BC0095EC7E /* ShufflerTumblrTests */ = {
			isa = PBXNativeTarget;
			buildConfigurationList = A1FAD73C171EA7BC0095EC7E /* Build configuration list for PBXNativeTarget "ShufflerTumblrTests" */;
			buildPhases = (
				A1FAD722171EA7BC0095EC7E /* Sources */,
				A1FAD723171EA7BC0095EC7E /* Frameworks */,
				A1FAD724171EA7BC0095EC7E /* Resources */,
				A1FAD725171EA7BC0095EC7E /* ShellScript */,
			);
			buildRules = (
			);
			dependencies = (
				A1FAD72D171EA7BC0095EC7E /* PBXTargetDependency */,
			);
			name = ShufflerTumblrTests;
			productName = ShufflerTumblrTests;
			productReference = A1FAD727171EA7BC0095EC7E /* ShufflerTumblrTests.octest */;
			productType = "com.apple.product-type.bundle";
		};
/* End PBXNativeTarget section */

/* Begin PBXProject section */
		A1FAD6F6171EA7BC0095EC7E /* Project object */ = {
			isa = PBXProject;
			attributes = {
				LastUpgradeCheck = 0460;
				ORGANIZATIONNAME = stud;
			};
			buildConfigurationList = A1FAD6F9171EA7BC0095EC7E /* Build configuration list for PBXProject "ShufflerTumblr" */;
			compatibilityVersion = "Xcode 3.2";
			developmentRegion = English;
			hasScannedForEncodings = 0;
			knownRegions = (
				en,
				English,
			);
			mainGroup = A1FAD6F5171EA7BC0095EC7E;
			productRefGroup = A1FAD6FF171EA7BC0095EC7E /* Products */;
			projectDirPath = "";
			projectRoot = "";
			targets = (
				A1FAD6FD171EA7BC0095EC7E /* ShufflerTumblr */,
				A1FAD726171EA7BC0095EC7E /* ShufflerTumblrTests */,
			);
		};
/* End PBXProject section */

/* Begin PBXResourcesBuildPhase section */
		A1FAD6FC171EA7BC0095EC7E /* Resources */ = {
			isa = PBXResourcesBuildPhase;
			buildActionMask = 2147483647;
			files = (
				AF4AFB16176668F10034B881 /* Brandon_bld_it.ttf in Resources */,
				AF4AFB17176668F10034B881 /* brandon_bld.ttf in Resources */,
				AF4AFB18176668F10034B881 /* brandon_blk_it.ttf in Resources */,
				AF4AFB19176668F10034B881 /* brandon_blk.ttf in Resources */,
				AF4AFB1A176668F10034B881 /* brandon_light_it.ttf in Resources */,
				AF4AFB1B176668F10034B881 /* brandon_light.ttf in Resources */,
				AF4AFB1C176668F10034B881 /* brandon_med_it.ttf in Resources */,
				AF4AFB1D176668F10034B881 /* brandon_med.ttf in Resources */,
				AF4AFB1E176668F10034B881 /* brandon_re.ttf in Resources */,
				AF4AFB1F176668F10034B881 /* brandon_reg_it.ttf in Resources */,
				AF4AFB20176668F10034B881 /* brandon_reg.ttf in Resources */,
				AF4AFB21176668F10034B881 /* brandon_thin_it.ttf in Resources */,
				AF4AFB22176668F10034B881 /* brandon_thin.ttf in Resources */,
				A1FAD70C171EA7BC0095EC7E /* InfoPlist.strings in Resources */,
				A1FAD714171EA7BC0095EC7E /* Default.png in Resources */,
				A1FAD716171EA7BC0095EC7E /* Default@2x.png in Resources */,
				A1FAD718171EA7BC0095EC7E /* Default-568h@2x.png in Resources */,
				A1FAD71B171EA7BC0095EC7E /* MainStoryboard.storyboard in Resources */,
				AF0FB964174BB90500F015EC /* !selectedbuttonbar.png in Resources */,
				AF0FB965174BB90500F015EC /* !selectedbuttonbarend.png in Resources */,
				AF0FB966174BB90500F015EC /* backgroundbar.png in Resources */,
				AF0FB967174BB90500F015EC /* blackbackground.png in Resources */,
				AF0FB968174BB90500F015EC /* buttonachtergrond.png in Resources */,
				AF0FB969174BB90500F015EC /* buttonshuffler.png in Resources */,
				AF0FB96A174BB90500F015EC /* Loginbuttno.png in Resources */,
				AF0FB96B174BB90500F015EC /* sendbutton.png in Resources */,
				AF0FB96C174BB90500F015EC /* Shufflerbackground.png in Resources */,
				AF0FB96D174BB90500F015EC /* DashboardFeed.png in Resources */,
				AF0FB96E174BB90500F015EC /* exitbutton.png in Resources */,
				AF0FB96F174BB90500F015EC /* favouritebutton.png in Resources */,
				AF0FB970174BB90500F015EC /* Followed.png in Resources */,
				AF0FB971174BB90500F015EC /* Image_9.png in Resources */,
				AF0FB972174BB90500F015EC /* Login.png in Resources */,
				AF0FB973174BB90500F015EC /* MyBlogs.png in Resources */,
				AF0FB974174BB90500F015EC /* shuffler logo.jpg in Resources */,
				AF0FB975174BB90500F015EC /* shuffler logo.png in Resources */,
				AF0FB976174BB90500F015EC /* Starred.png in Resources */,
				AF75462A1751F95800DEDA96 /* home_ico.png in Resources */,
				AF7546321751FDC000DEDA96 /* followed_ico.png in Resources */,
				AF7546341751FF0B00DEDA96 /* my_blogs_ico.png in Resources */,
				AF967FA217646B8300CED5E1 /* topbar_nowplaying.png in Resources */,
				AF967FA41764750600CED5E1 /* discover_ico.png in Resources */,
				3F33F71A1765CDE700C19694 /* oauthAutoConfig.plist in Resources */,
				AFD89FD117686E19005E3693 /* favoritebutton.png in Resources */,
				AFD89FD217686E19005E3693 /* Navigationbar1.png in Resources */,
				AFD89FD317686E19005E3693 /* optionsbalk.png in Resources */,
				AFD89FD417686E19005E3693 /* plusbutton.png in Resources */,
				AFD89FD517686E19005E3693 /* shuffler logo.jpg in Resources */,
				AFD8A0361769C239005E3693 /* LICENSE.txt in Resources */,
				AFD8A0371769C239005E3693 /* README.md in Resources */,
				AFD8A0391769C239005E3693 /* LICENSE in Resources */,
				AFD8A03A1769C239005E3693 /* README.md in Resources */,
				AFD8A03C1769C239005E3693 /* UIActivityTumblr.png in Resources */,
				AFD8A03D1769C239005E3693 /* UIActivityTumblr@2x.png in Resources */,
				AFD8A03E1769C239005E3693 /* UIActivityTumblr@2x~ipad.png in Resources */,
				AFD8A03F1769C239005E3693 /* UIActivityTumblr~ipad.png in Resources */,
				AFD8A0461769FB4F005E3693 /* play_ico.png in Resources */,
			);
			runOnlyForDeploymentPostprocessing = 0;
		};
		A1FAD724171EA7BC0095EC7E /* Resources */ = {
			isa = PBXResourcesBuildPhase;
			buildActionMask = 2147483647;
			files = (
				A1FAD733171EA7BC0095EC7E /* InfoPlist.strings in Resources */,
			);
			runOnlyForDeploymentPostprocessing = 0;
		};
/* End PBXResourcesBuildPhase section */

/* Begin PBXShellScriptBuildPhase section */
		A1FAD725171EA7BC0095EC7E /* ShellScript */ = {
			isa = PBXShellScriptBuildPhase;
			buildActionMask = 2147483647;
			files = (
			);
			inputPaths = (
			);
			outputPaths = (
			);
			runOnlyForDeploymentPostprocessing = 0;
			shellPath = /bin/sh;
			shellScript = "# Run the unit tests in this test bundle.\n\"${SYSTEM_DEVELOPER_DIR}/Tools/RunUnitTests\"\n";
		};
/* End PBXShellScriptBuildPhase section */

/* Begin PBXSourcesBuildPhase section */
		A1FAD6FA171EA7BC0095EC7E /* Sources */ = {
			isa = PBXSourcesBuildPhase;
			buildActionMask = 2147483647;
			files = (
				A1FAD70E171EA7BC0095EC7E /* main.m in Sources */,
				A1FAD712171EA7BC0095EC7E /* AppDelegate.m in Sources */,
				A187A3571727D83900AF4F82 /* LoginViewController.m in Sources */,
				7F51BE83172473C300AF3F04 /* Blog.m in Sources */,
				7F9BA4CC1727E66600F26F2C /* Video.m in Sources */,
				7F9BA4CF1727E6E500F26F2C /* Audio.m in Sources */,
				7FA53F8A172E98E700F0AFA5 /* BlogInfo.m in Sources */,
				AFFD3B7C17366D1500FC7E82 /* DataViewController.m in Sources */,
				AFFD3B7D17366D1500FC7E82 /* ModelController.m in Sources */,
				AFFD3B7E17366D1500FC7E82 /* RootViewController.m in Sources */,
				AF44E10B173E9B820088908D /* MenuViewController.m in Sources */,
				AF44E10E173E9C830088908D /* Reachability.m in Sources */,
				AFBFABAB174E3ED70043EA3F /* YoutubeURLGetter.m in Sources */,
				AF7546371751FFE400DEDA96 /* DashBoardViewController.m in Sources */,
				AF75463B1752003600DEDA96 /* FollowedViewController.m in Sources */,
				AF75463E1752005100DEDA96 /* FavoriteViewController.m in Sources */,
				AF7546411752005F00DEDA96 /* MyBlogsViewController.m in Sources */,
				AFCFE9511754D1A500F71EC1 /* User.m in Sources */,
				7FDC456B1757AC640065FA9F /* Favourites.m in Sources */,
				6D01E87A1758BDF3000884FB /* FavouriteBlog.m in Sources */,
				AF72CB621757AEE30035CE53 /* DataPostHandler.m in Sources */,
				AF4AFB15176636E00034B881 /* DiscoverViewController.m in Sources */,
				AFD8A02B1769C239005E3693 /* JXHTTPDataBody.m in Sources */,
				AFD8A02C1769C239005E3693 /* JXHTTPFileBody.m in Sources */,
				AFD8A02D1769C239005E3693 /* JXHTTPFormEncodedBody.m in Sources */,
				AFD8A02E1769C239005E3693 /* JXHTTPJSONBody.m in Sources */,
				AFD8A02F1769C239005E3693 /* JXHTTPMultipartBody.m in Sources */,
				AFD8A0301769C239005E3693 /* JXHTTPOperation+Convenience.m in Sources */,
				AFD8A0311769C239005E3693 /* JXHTTPOperation.m in Sources */,
				AFD8A0321769C239005E3693 /* JXHTTPOperationQueue.m in Sources */,
				AFD8A0331769C239005E3693 /* JXOperation.m in Sources */,
				AFD8A0341769C239005E3693 /* JXURLConnectionOperation.m in Sources */,
				AFD8A0351769C239005E3693 /* JXURLEncoding.m in Sources */,
				AFD8A0381769C239005E3693 /* NSData+Base64.m in Sources */,
				AFD8A03B1769C239005E3693 /* TMTumblrActivity.m in Sources */,
				AFD8A0401769C239005E3693 /* TMAPIClient.m in Sources */,
				AFD8A0411769C239005E3693 /* TMTumblrAppClient.m in Sources */,
				AFD8A0421769C239005E3693 /* TMOAuth.m in Sources */,
				AFD8A0431769C239005E3693 /* TMTumblrAuthenticator.m in Sources */,
				AFD8A0441769C239005E3693 /* TMSDKFunctions.m in Sources */,
				AFD8A049176A011A005E3693 /* SinglePostViewController.m in Sources */,
			);
			runOnlyForDeploymentPostprocessing = 0;
		};
		A1FAD722171EA7BC0095EC7E /* Sources */ = {
			isa = PBXSourcesBuildPhase;
			buildActionMask = 2147483647;
			files = (
				A1FAD736171EA7BC0095EC7E /* ShufflerTumblrTests.m in Sources */,
			);
			runOnlyForDeploymentPostprocessing = 0;
		};
/* End PBXSourcesBuildPhase section */

/* Begin PBXTargetDependency section */
		A1FAD72D171EA7BC0095EC7E /* PBXTargetDependency */ = {
			isa = PBXTargetDependency;
			target = A1FAD6FD171EA7BC0095EC7E /* ShufflerTumblr */;
			targetProxy = A1FAD72C171EA7BC0095EC7E /* PBXContainerItemProxy */;
		};
/* End PBXTargetDependency section */

/* Begin PBXVariantGroup section */
		A1FAD70A171EA7BC0095EC7E /* InfoPlist.strings */ = {
			isa = PBXVariantGroup;
			children = (
				A1FAD70B171EA7BC0095EC7E /* en */,
			);
			name = InfoPlist.strings;
			sourceTree = "<group>";
		};
		A1FAD719171EA7BC0095EC7E /* MainStoryboard.storyboard */ = {
			isa = PBXVariantGroup;
			children = (
				A1FAD71A171EA7BC0095EC7E /* en */,
			);
			name = MainStoryboard.storyboard;
			sourceTree = "<group>";
		};
		A1FAD731171EA7BC0095EC7E /* InfoPlist.strings */ = {
			isa = PBXVariantGroup;
			children = (
				A1FAD732171EA7BC0095EC7E /* en */,
			);
			name = InfoPlist.strings;
			sourceTree = "<group>";
		};
/* End PBXVariantGroup section */

/* Begin XCBuildConfiguration section */
		A1FAD737171EA7BC0095EC7E /* Debug */ = {
			isa = XCBuildConfiguration;
			buildSettings = {
				ALWAYS_SEARCH_USER_PATHS = NO;
				CLANG_CXX_LANGUAGE_STANDARD = "gnu++0x";
				CLANG_CXX_LIBRARY = "libc++";
				CLANG_ENABLE_OBJC_ARC = YES;
				CLANG_WARN_CONSTANT_CONVERSION = YES;
				CLANG_WARN_EMPTY_BODY = YES;
				CLANG_WARN_ENUM_CONVERSION = YES;
				CLANG_WARN_INT_CONVERSION = YES;
				CLANG_WARN__DUPLICATE_METHOD_MATCH = YES;
				"CODE_SIGN_IDENTITY[sdk=iphoneos*]" = "iPhone Developer";
				COPY_PHASE_STRIP = NO;
				GCC_C_LANGUAGE_STANDARD = gnu99;
				GCC_DYNAMIC_NO_PIC = NO;
				GCC_OPTIMIZATION_LEVEL = 0;
				GCC_PREPROCESSOR_DEFINITIONS = (
					"DEBUG=1",
					"$(inherited)",
				);
				GCC_SYMBOLS_PRIVATE_EXTERN = NO;
				GCC_WARN_ABOUT_RETURN_TYPE = YES;
				GCC_WARN_UNINITIALIZED_AUTOS = YES;
				GCC_WARN_UNUSED_VARIABLE = YES;
				IPHONEOS_DEPLOYMENT_TARGET = 6.1;
				ONLY_ACTIVE_ARCH = YES;
				SDKROOT = iphoneos;
			};
			name = Debug;
		};
		A1FAD738171EA7BC0095EC7E /* Release */ = {
			isa = XCBuildConfiguration;
			buildSettings = {
				ALWAYS_SEARCH_USER_PATHS = NO;
				CLANG_CXX_LANGUAGE_STANDARD = "gnu++0x";
				CLANG_CXX_LIBRARY = "libc++";
				CLANG_ENABLE_OBJC_ARC = YES;
				CLANG_WARN_CONSTANT_CONVERSION = YES;
				CLANG_WARN_EMPTY_BODY = YES;
				CLANG_WARN_ENUM_CONVERSION = YES;
				CLANG_WARN_INT_CONVERSION = YES;
				CLANG_WARN__DUPLICATE_METHOD_MATCH = YES;
				"CODE_SIGN_IDENTITY[sdk=iphoneos*]" = "iPhone Developer";
				COPY_PHASE_STRIP = YES;
				GCC_C_LANGUAGE_STANDARD = gnu99;
				GCC_WARN_ABOUT_RETURN_TYPE = YES;
				GCC_WARN_UNINITIALIZED_AUTOS = YES;
				GCC_WARN_UNUSED_VARIABLE = YES;
				IPHONEOS_DEPLOYMENT_TARGET = 6.1;
				OTHER_CFLAGS = "-DNS_BLOCK_ASSERTIONS=1";
				SDKROOT = iphoneos;
				VALIDATE_PRODUCT = YES;
			};
			name = Release;
		};
		A1FAD73A171EA7BC0095EC7E /* Debug */ = {
			isa = XCBuildConfiguration;
			buildSettings = {
				GCC_PRECOMPILE_PREFIX_HEADER = YES;
				GCC_PREFIX_HEADER = "ShufflerTumblr/ShufflerTumblr-Prefix.pch";
				HEADER_SEARCH_PATHS = "$(SDKROOT)/usr/include/libxml2";
				INFOPLIST_FILE = "ShufflerTumblr/ShufflerTumblr-Info.plist";
				IPHONEOS_DEPLOYMENT_TARGET = 5.1;
				LD_RUNPATH_SEARCH_PATHS = "$(SDKROOT)/usr/include/libxml2";
				PRODUCT_NAME = "$(TARGET_NAME)";
				TARGETED_DEVICE_FAMILY = 1;
				WRAPPER_EXTENSION = app;
			};
			name = Debug;
		};
		A1FAD73B171EA7BC0095EC7E /* Release */ = {
			isa = XCBuildConfiguration;
			buildSettings = {
				GCC_PRECOMPILE_PREFIX_HEADER = YES;
				GCC_PREFIX_HEADER = "ShufflerTumblr/ShufflerTumblr-Prefix.pch";
				HEADER_SEARCH_PATHS = "$(SDKROOT)/usr/include/libxml2";
				INFOPLIST_FILE = "ShufflerTumblr/ShufflerTumblr-Info.plist";
				IPHONEOS_DEPLOYMENT_TARGET = 5.1;
				LD_RUNPATH_SEARCH_PATHS = "$(SDKROOT)/usr/include/libxml2";
				PRODUCT_NAME = "$(TARGET_NAME)";
				TARGETED_DEVICE_FAMILY = 1;
				WRAPPER_EXTENSION = app;
			};
			name = Release;
		};
		A1FAD73D171EA7BC0095EC7E /* Debug */ = {
			isa = XCBuildConfiguration;
			buildSettings = {
				BUNDLE_LOADER = "$(BUILT_PRODUCTS_DIR)/ShufflerTumblr.app/ShufflerTumblr";
				FRAMEWORK_SEARCH_PATHS = (
					"\"$(SDKROOT)/Developer/Library/Frameworks\"",
					"\"$(DEVELOPER_LIBRARY_DIR)/Frameworks\"",
				);
				GCC_PRECOMPILE_PREFIX_HEADER = YES;
				GCC_PREFIX_HEADER = "ShufflerTumblr/ShufflerTumblr-Prefix.pch";
				INFOPLIST_FILE = "ShufflerTumblrTests/ShufflerTumblrTests-Info.plist";
				PRODUCT_NAME = "$(TARGET_NAME)";
				TEST_HOST = "$(BUNDLE_LOADER)";
				WRAPPER_EXTENSION = octest;
			};
			name = Debug;
		};
		A1FAD73E171EA7BC0095EC7E /* Release */ = {
			isa = XCBuildConfiguration;
			buildSettings = {
				BUNDLE_LOADER = "$(BUILT_PRODUCTS_DIR)/ShufflerTumblr.app/ShufflerTumblr";
				FRAMEWORK_SEARCH_PATHS = (
					"\"$(SDKROOT)/Developer/Library/Frameworks\"",
					"\"$(DEVELOPER_LIBRARY_DIR)/Frameworks\"",
				);
				GCC_PRECOMPILE_PREFIX_HEADER = YES;
				GCC_PREFIX_HEADER = "ShufflerTumblr/ShufflerTumblr-Prefix.pch";
				INFOPLIST_FILE = "ShufflerTumblrTests/ShufflerTumblrTests-Info.plist";
				PRODUCT_NAME = "$(TARGET_NAME)";
				TEST_HOST = "$(BUNDLE_LOADER)";
				WRAPPER_EXTENSION = octest;
			};
			name = Release;
		};
/* End XCBuildConfiguration section */

/* Begin XCConfigurationList section */
		A1FAD6F9171EA7BC0095EC7E /* Build configuration list for PBXProject "ShufflerTumblr" */ = {
			isa = XCConfigurationList;
			buildConfigurations = (
				A1FAD737171EA7BC0095EC7E /* Debug */,
				A1FAD738171EA7BC0095EC7E /* Release */,
			);
			defaultConfigurationIsVisible = 0;
			defaultConfigurationName = Release;
		};
		A1FAD739171EA7BC0095EC7E /* Build configuration list for PBXNativeTarget "ShufflerTumblr" */ = {
			isa = XCConfigurationList;
			buildConfigurations = (
				A1FAD73A171EA7BC0095EC7E /* Debug */,
				A1FAD73B171EA7BC0095EC7E /* Release */,
			);
			defaultConfigurationIsVisible = 0;
			defaultConfigurationName = Release;
		};
		A1FAD73C171EA7BC0095EC7E /* Build configuration list for PBXNativeTarget "ShufflerTumblrTests" */ = {
			isa = XCConfigurationList;
			buildConfigurations = (
				A1FAD73D171EA7BC0095EC7E /* Debug */,
				A1FAD73E171EA7BC0095EC7E /* Release */,
			);
			defaultConfigurationIsVisible = 0;
			defaultConfigurationName = Release;
		};
/* End XCConfigurationList section */
	};
	rootObject = A1FAD6F6171EA7BC0095EC7E /* Project object */;
}
